// !$*UTF8*$!
{
	archiveVersion = 1;
	classes = {
	};
	objectVersion = 50;
	objects = {

/* Begin PBXBuildFile section */
		BD804425208045550088471A /* CustomButton.swift in Sources */ = {isa = PBXBuildFile; fileRef = BD804424208045540088471A /* CustomButton.swift */; };
		BDA7E72E207F03B700C6689F /* AppDelegate.swift in Sources */ = {isa = PBXBuildFile; fileRef = BDA7E72D207F03B700C6689F /* AppDelegate.swift */; };
		BDA7E730207F03B700C6689F /* ViewController.swift in Sources */ = {isa = PBXBuildFile; fileRef = BDA7E72F207F03B700C6689F /* ViewController.swift */; };
		BDA7E735207F03B900C6689F /* Assets.xcassets in Resources */ = {isa = PBXBuildFile; fileRef = BDA7E734207F03B900C6689F /* Assets.xcassets */; };
		BDA7E738207F03B900C6689F /* LaunchScreen.storyboard in Resources */ = {isa = PBXBuildFile; fileRef = BDA7E736207F03B900C6689F /* LaunchScreen.storyboard */; };
		BDA7E743207F03B900C6689F /* SearchBookAppTests.swift in Sources */ = {isa = PBXBuildFile; fileRef = BDA7E742207F03B900C6689F /* SearchBookAppTests.swift */; };
		BDA7E74E207F03B900C6689F /* SearchBookAppUITests.swift in Sources */ = {isa = PBXBuildFile; fileRef = BDA7E74D207F03B900C6689F /* SearchBookAppUITests.swift */; };
		BDA7E75D207F0C3E00C6689F /* LandingViewController.swift in Sources */ = {isa = PBXBuildFile; fileRef = BDA7E75B207F0C3E00C6689F /* LandingViewController.swift */; };
		BDA7E75E207F0C3E00C6689F /* LandingViewController.xib in Resources */ = {isa = PBXBuildFile; fileRef = BDA7E75C207F0C3E00C6689F /* LandingViewController.xib */; };
		BDA7E763207F44D300C6689F /* EntryViewController.swift in Sources */ = {isa = PBXBuildFile; fileRef = BDA7E761207F44D300C6689F /* EntryViewController.swift */; };
		BDA7E764207F44D300C6689F /* EntryViewController.xib in Resources */ = {isa = PBXBuildFile; fileRef = BDA7E762207F44D300C6689F /* EntryViewController.xib */; };
		BDA7E76A207F57B500C6689F /* Localizable.strings in Resources */ = {isa = PBXBuildFile; fileRef = BDA7E76C207F57B500C6689F /* Localizable.strings */; };
		BDA7E76F207F5D6F00C6689F /* Language.swift in Sources */ = {isa = PBXBuildFile; fileRef = BDA7E76E207F5D6F00C6689F /* Language.swift */; };
/* End PBXBuildFile section */

/* Begin PBXContainerItemProxy section */
		BDA7E73F207F03B900C6689F /* PBXContainerItemProxy */ = {
			isa = PBXContainerItemProxy;
			containerPortal = BDA7E722207F03B700C6689F /* Project object */;
			proxyType = 1;
			remoteGlobalIDString = BDA7E729207F03B700C6689F;
			remoteInfo = SearchBookApp;
		};
		BDA7E74A207F03B900C6689F /* PBXContainerItemProxy */ = {
			isa = PBXContainerItemProxy;
			containerPortal = BDA7E722207F03B700C6689F /* Project object */;
			proxyType = 1;
			remoteGlobalIDString = BDA7E729207F03B700C6689F;
			remoteInfo = SearchBookApp;
		};
/* End PBXContainerItemProxy section */

/* Begin PBXFileReference section */
		BD804424208045540088471A /* CustomButton.swift */ = {isa = PBXFileReference; fileEncoding = 4; lastKnownFileType = sourcecode.swift; path = CustomButton.swift; sourceTree = "<group>"; };
		BDA7E72A207F03B700C6689F /* SearchBookApp.app */ = {isa = PBXFileReference; explicitFileType = wrapper.application; includeInIndex = 0; path = SearchBookApp.app; sourceTree = BUILT_PRODUCTS_DIR; };
		BDA7E72D207F03B700C6689F /* AppDelegate.swift */ = {isa = PBXFileReference; lastKnownFileType = sourcecode.swift; path = AppDelegate.swift; sourceTree = "<group>"; };
		BDA7E72F207F03B700C6689F /* ViewController.swift */ = {isa = PBXFileReference; lastKnownFileType = sourcecode.swift; path = ViewController.swift; sourceTree = "<group>"; };
		BDA7E734207F03B900C6689F /* Assets.xcassets */ = {isa = PBXFileReference; lastKnownFileType = folder.assetcatalog; path = Assets.xcassets; sourceTree = "<group>"; };
		BDA7E737207F03B900C6689F /* Base */ = {isa = PBXFileReference; lastKnownFileType = file.storyboard; name = Base; path = Base.lproj/LaunchScreen.storyboard; sourceTree = "<group>"; };
		BDA7E739207F03B900C6689F /* Info.plist */ = {isa = PBXFileReference; lastKnownFileType = text.plist.xml; path = Info.plist; sourceTree = "<group>"; };
		BDA7E73E207F03B900C6689F /* SearchBookAppTests.xctest */ = {isa = PBXFileReference; explicitFileType = wrapper.cfbundle; includeInIndex = 0; path = SearchBookAppTests.xctest; sourceTree = BUILT_PRODUCTS_DIR; };
		BDA7E742207F03B900C6689F /* SearchBookAppTests.swift */ = {isa = PBXFileReference; lastKnownFileType = sourcecode.swift; path = SearchBookAppTests.swift; sourceTree = "<group>"; };
		BDA7E744207F03B900C6689F /* Info.plist */ = {isa = PBXFileReference; lastKnownFileType = text.plist.xml; path = Info.plist; sourceTree = "<group>"; };
		BDA7E749207F03B900C6689F /* SearchBookAppUITests.xctest */ = {isa = PBXFileReference; explicitFileType = wrapper.cfbundle; includeInIndex = 0; path = SearchBookAppUITests.xctest; sourceTree = BUILT_PRODUCTS_DIR; };
		BDA7E74D207F03B900C6689F /* SearchBookAppUITests.swift */ = {isa = PBXFileReference; lastKnownFileType = sourcecode.swift; path = SearchBookAppUITests.swift; sourceTree = "<group>"; };
		BDA7E74F207F03B900C6689F /* Info.plist */ = {isa = PBXFileReference; lastKnownFileType = text.plist.xml; path = Info.plist; sourceTree = "<group>"; };
		BDA7E75B207F0C3E00C6689F /* LandingViewController.swift */ = {isa = PBXFileReference; lastKnownFileType = sourcecode.swift; path = LandingViewController.swift; sourceTree = "<group>"; };
		BDA7E75C207F0C3E00C6689F /* LandingViewController.xib */ = {isa = PBXFileReference; lastKnownFileType = file.xib; path = LandingViewController.xib; sourceTree = "<group>"; };
		BDA7E761207F44D300C6689F /* EntryViewController.swift */ = {isa = PBXFileReference; lastKnownFileType = sourcecode.swift; path = EntryViewController.swift; sourceTree = "<group>"; };
		BDA7E762207F44D300C6689F /* EntryViewController.xib */ = {isa = PBXFileReference; lastKnownFileType = file.xib; path = EntryViewController.xib; sourceTree = "<group>"; };
		BDA7E769207F578C00C6689F /* zh-Hant */ = {isa = PBXFileReference; lastKnownFileType = text.plist.strings; name = "zh-Hant"; path = "zh-Hant.lproj/LaunchScreen.strings"; sourceTree = "<group>"; };
		BDA7E76B207F57B500C6689F /* en */ = {isa = PBXFileReference; lastKnownFileType = text.plist.strings; name = en; path = en.lproj/Localizable.strings; sourceTree = "<group>"; };
		BDA7E76D207F57B700C6689F /* zh-Hant */ = {isa = PBXFileReference; lastKnownFileType = text.plist.strings; name = "zh-Hant"; path = "zh-Hant.lproj/Localizable.strings"; sourceTree = "<group>"; };
		BDA7E76E207F5D6F00C6689F /* Language.swift */ = {isa = PBXFileReference; lastKnownFileType = sourcecode.swift; path = Language.swift; sourceTree = "<group>"; };
/* End PBXFileReference section */

/* Begin PBXFrameworksBuildPhase section */
		BDA7E727207F03B700C6689F /* Frameworks */ = {
			isa = PBXFrameworksBuildPhase;
			buildActionMask = 2147483647;
			files = (
			);
			runOnlyForDeploymentPostprocessing = 0;
		};
		BDA7E73B207F03B900C6689F /* Frameworks */ = {
			isa = PBXFrameworksBuildPhase;
			buildActionMask = 2147483647;
			files = (
			);
			runOnlyForDeploymentPostprocessing = 0;
		};
		BDA7E746207F03B900C6689F /* Frameworks */ = {
			isa = PBXFrameworksBuildPhase;
			buildActionMask = 2147483647;
			files = (
			);
			runOnlyForDeploymentPostprocessing = 0;
		};
/* End PBXFrameworksBuildPhase section */

/* Begin PBXGroup section */
		BDA7E721207F03B700C6689F = {
			isa = PBXGroup;
			children = (
				BDA7E72C207F03B700C6689F /* SearchBookApp */,
				BDA7E741207F03B900C6689F /* SearchBookAppTests */,
				BDA7E74C207F03B900C6689F /* SearchBookAppUITests */,
				BDA7E72B207F03B700C6689F /* Products */,
			);
			sourceTree = "<group>";
		};
		BDA7E72B207F03B700C6689F /* Products */ = {
			isa = PBXGroup;
			children = (
				BDA7E72A207F03B700C6689F /* SearchBookApp.app */,
				BDA7E73E207F03B900C6689F /* SearchBookAppTests.xctest */,
				BDA7E749207F03B900C6689F /* SearchBookAppUITests.xctest */,
			);
			name = Products;
			sourceTree = "<group>";
		};
		BDA7E72C207F03B700C6689F /* SearchBookApp */ = {
			isa = PBXGroup;
			children = (
				BDA7E760207F44A200C6689F /* View */,
				BDA7E72D207F03B700C6689F /* AppDelegate.swift */,
				BDA7E72F207F03B700C6689F /* ViewController.swift */,
				BDA7E734207F03B900C6689F /* Assets.xcassets */,
				BDA7E736207F03B900C6689F /* LaunchScreen.storyboard */,
				BDA7E739207F03B900C6689F /* Info.plist */,
				BDA7E75B207F0C3E00C6689F /* LandingViewController.swift */,
				BDA7E75C207F0C3E00C6689F /* LandingViewController.xib */,
				BDA7E76C207F57B500C6689F /* Localizable.strings */,
				BDA7E76E207F5D6F00C6689F /* Language.swift */,
			);
			path = SearchBookApp;
			sourceTree = "<group>";
		};
		BDA7E741207F03B900C6689F /* SearchBookAppTests */ = {
			isa = PBXGroup;
			children = (
				BDA7E742207F03B900C6689F /* SearchBookAppTests.swift */,
				BDA7E744207F03B900C6689F /* Info.plist */,
			);
			path = SearchBookAppTests;
			sourceTree = "<group>";
		};
		BDA7E74C207F03B900C6689F /* SearchBookAppUITests */ = {
			isa = PBXGroup;
			children = (
				BDA7E74D207F03B900C6689F /* SearchBookAppUITests.swift */,
				BDA7E74F207F03B900C6689F /* Info.plist */,
			);
			path = SearchBookAppUITests;
			sourceTree = "<group>";
		};
		BDA7E760207F44A200C6689F /* View */ = {
			isa = PBXGroup;
			children = (
				BD804424208045540088471A /* CustomButton.swift */,
				BDA7E761207F44D300C6689F /* EntryViewController.swift */,
				BDA7E762207F44D300C6689F /* EntryViewController.xib */,
			);
			path = View;
			sourceTree = "<group>";
		};
/* End PBXGroup section */

/* Begin PBXNativeTarget section */
		BDA7E729207F03B700C6689F /* SearchBookApp */ = {
			isa = PBXNativeTarget;
			buildConfigurationList = BDA7E752207F03B900C6689F /* Build configuration list for PBXNativeTarget "SearchBookApp" */;
			buildPhases = (
				BDA7E726207F03B700C6689F /* Sources */,
				BDA7E727207F03B700C6689F /* Frameworks */,
				BDA7E728207F03B700C6689F /* Resources */,
			);
			buildRules = (
			);
			dependencies = (
			);
			name = SearchBookApp;
			productName = SearchBookApp;
			productReference = BDA7E72A207F03B700C6689F /* SearchBookApp.app */;
			productType = "com.apple.product-type.application";
		};
		BDA7E73D207F03B900C6689F /* SearchBookAppTests */ = {
			isa = PBXNativeTarget;
			buildConfigurationList = BDA7E755207F03B900C6689F /* Build configuration list for PBXNativeTarget "SearchBookAppTests" */;
			buildPhases = (
				BDA7E73A207F03B900C6689F /* Sources */,
				BDA7E73B207F03B900C6689F /* Frameworks */,
				BDA7E73C207F03B900C6689F /* Resources */,
			);
			buildRules = (
			);
			dependencies = (
				BDA7E740207F03B900C6689F /* PBXTargetDependency */,
			);
			name = SearchBookAppTests;
			productName = SearchBookAppTests;
			productReference = BDA7E73E207F03B900C6689F /* SearchBookAppTests.xctest */;
			productType = "com.apple.product-type.bundle.unit-test";
		};
		BDA7E748207F03B900C6689F /* SearchBookAppUITests */ = {
			isa = PBXNativeTarget;
			buildConfigurationList = BDA7E758207F03B900C6689F /* Build configuration list for PBXNativeTarget "SearchBookAppUITests" */;
			buildPhases = (
				BDA7E745207F03B900C6689F /* Sources */,
				BDA7E746207F03B900C6689F /* Frameworks */,
				BDA7E747207F03B900C6689F /* Resources */,
			);
			buildRules = (
			);
			dependencies = (
				BDA7E74B207F03B900C6689F /* PBXTargetDependency */,
			);
			name = SearchBookAppUITests;
			productName = SearchBookAppUITests;
			productReference = BDA7E749207F03B900C6689F /* SearchBookAppUITests.xctest */;
			productType = "com.apple.product-type.bundle.ui-testing";
		};
/* End PBXNativeTarget section */

/* Begin PBXProject section */
		BDA7E722207F03B700C6689F /* Project object */ = {
			isa = PBXProject;
			attributes = {
				LastSwiftUpdateCheck = 0930;
				LastUpgradeCheck = 0930;
				ORGANIZATIONNAME = temp;
				TargetAttributes = {
					BDA7E729207F03B700C6689F = {
						CreatedOnToolsVersion = 9.3;
					};
					BDA7E73D207F03B900C6689F = {
						CreatedOnToolsVersion = 9.3;
						TestTargetID = BDA7E729207F03B700C6689F;
					};
					BDA7E748207F03B900C6689F = {
						CreatedOnToolsVersion = 9.3;
						TestTargetID = BDA7E729207F03B700C6689F;
					};
				};
			};
			buildConfigurationList = BDA7E725207F03B700C6689F /* Build configuration list for PBXProject "SearchBookApp" */;
			compatibilityVersion = "Xcode 9.3";
			developmentRegion = en;
			hasScannedForEncodings = 0;
			knownRegions = (
				en,
				Base,
				"zh-Hant",
			);
			mainGroup = BDA7E721207F03B700C6689F;
			productRefGroup = BDA7E72B207F03B700C6689F /* Products */;
			projectDirPath = "";
			projectRoot = "";
			targets = (
				BDA7E729207F03B700C6689F /* SearchBookApp */,
				BDA7E73D207F03B900C6689F /* SearchBookAppTests */,
				BDA7E748207F03B900C6689F /* SearchBookAppUITests */,
			);
		};
/* End PBXProject section */

/* Begin PBXResourcesBuildPhase section */
		BDA7E728207F03B700C6689F /* Resources */ = {
			isa = PBXResourcesBuildPhase;
			buildActionMask = 2147483647;
			files = (
				BDA7E76A207F57B500C6689F /* Localizable.strings in Resources */,
				BDA7E75E207F0C3E00C6689F /* LandingViewController.xib in Resources */,
				BDA7E764207F44D300C6689F /* EntryViewController.xib in Resources */,
				BDA7E738207F03B900C6689F /* LaunchScreen.storyboard in Resources */,
				BDA7E735207F03B900C6689F /* Assets.xcassets in Resources */,
			);
			runOnlyForDeploymentPostprocessing = 0;
		};
		BDA7E73C207F03B900C6689F /* Resources */ = {
			isa = PBXResourcesBuildPhase;
			buildActionMask = 2147483647;
			files = (
			);
			runOnlyForDeploymentPostprocessing = 0;
		};
		BDA7E747207F03B900C6689F /* Resources */ = {
			isa = PBXResourcesBuildPhase;
			buildActionMask = 2147483647;
			files = (
			);
			runOnlyForDeploymentPostprocessing = 0;
		};
/* End PBXResourcesBuildPhase section */

/* Begin PBXSourcesBuildPhase section */
		BDA7E726207F03B700C6689F /* Sources */ = {
			isa = PBXSourcesBuildPhase;
			buildActionMask = 2147483647;
			files = (
				BDA7E730207F03B700C6689F /* ViewController.swift in Sources */,
				BDA7E76F207F5D6F00C6689F /* Language.swift in Sources */,
				BD804425208045550088471A /* CustomButton.swift in Sources */,
				BDA7E763207F44D300C6689F /* EntryViewController.swift in Sources */,
				BDA7E75D207F0C3E00C6689F /* LandingViewController.swift in Sources */,
				BDA7E72E207F03B700C6689F /* AppDelegate.swift in Sources */,
			);
			runOnlyForDeploymentPostprocessing = 0;
		};
		BDA7E73A207F03B900C6689F /* Sources */ = {
			isa = PBXSourcesBuildPhase;
			buildActionMask = 2147483647;
			files = (
				BDA7E743207F03B900C6689F /* SearchBookAppTests.swift in Sources */,
			);
			runOnlyForDeploymentPostprocessing = 0;
		};
		BDA7E745207F03B900C6689F /* Sources */ = {
			isa = PBXSourcesBuildPhase;
			buildActionMask = 2147483647;
			files = (
				BDA7E74E207F03B900C6689F /* SearchBookAppUITests.swift in Sources */,
			);
			runOnlyForDeploymentPostprocessing = 0;
		};
/* End PBXSourcesBuildPhase section */

/* Begin PBXTargetDependency section */
		BDA7E740207F03B900C6689F /* PBXTargetDependency */ = {
			isa = PBXTargetDependency;
			target = BDA7E729207F03B700C6689F /* SearchBookApp */;
			targetProxy = BDA7E73F207F03B900C6689F /* PBXContainerItemProxy */;
		};
		BDA7E74B207F03B900C6689F /* PBXTargetDependency */ = {
			isa = PBXTargetDependency;
			target = BDA7E729207F03B700C6689F /* SearchBookApp */;
			targetProxy = BDA7E74A207F03B900C6689F /* PBXContainerItemProxy */;
		};
/* End PBXTargetDependency section */

/* Begin PBXVariantGroup section */
		BDA7E736207F03B900C6689F /* LaunchScreen.storyboard */ = {
			isa = PBXVariantGroup;
			children = (
				BDA7E737207F03B900C6689F /* Base */,
				BDA7E769207F578C00C6689F /* zh-Hant */,
			);
			name = LaunchScreen.storyboard;
			sourceTree = "<group>";
		};
		BDA7E76C207F57B500C6689F /* Localizable.strings */ = {
			isa = PBXVariantGroup;
			children = (
				BDA7E76B207F57B500C6689F /* en */,
				BDA7E76D207F57B700C6689F /* zh-Hant */,
			);
			name = Localizable.strings;
			sourceTree = "<group>";
		};
/* End PBXVariantGroup section */

/* Begin XCBuildConfiguration section */
		BDA7E750207F03B900C6689F /* Debug */ = {
			isa = XCBuildConfiguration;
			buildSettings = {
				ALWAYS_SEARCH_USER_PATHS = NO;
				CLANG_ANALYZER_LOCALIZABILITY_NONLOCALIZED = YES;
				CLANG_ANALYZER_NONNULL = YES;
				CLANG_ANALYZER_NUMBER_OBJECT_CONVERSION = YES_AGGRESSIVE;
				CLANG_CXX_LANGUAGE_STANDARD = "gnu++14";
				CLANG_CXX_LIBRARY = "libc++";
				CLANG_ENABLE_MODULES = YES;
				CLANG_ENABLE_OBJC_ARC = YES;
				CLANG_ENABLE_OBJC_WEAK = YES;
				CLANG_WARN_BLOCK_CAPTURE_AUTORELEASING = YES;
				CLANG_WARN_BOOL_CONVERSION = YES;
				CLANG_WARN_COMMA = YES;
				CLANG_WARN_CONSTANT_CONVERSION = YES;
				CLANG_WARN_DEPRECATED_OBJC_IMPLEMENTATIONS = YES;
				CLANG_WARN_DIRECT_OBJC_ISA_USAGE = YES_ERROR;
				CLANG_WARN_DOCUMENTATION_COMMENTS = YES;
				CLANG_WARN_EMPTY_BODY = YES;
				CLANG_WARN_ENUM_CONVERSION = YES;
				CLANG_WARN_INFINITE_RECURSION = YES;
				CLANG_WARN_INT_CONVERSION = YES;
				CLANG_WARN_NON_LITERAL_NULL_CONVERSION = YES;
				CLANG_WARN_OBJC_IMPLICIT_RETAIN_SELF = YES;
				CLANG_WARN_OBJC_LITERAL_CONVERSION = YES;
				CLANG_WARN_OBJC_ROOT_CLASS = YES_ERROR;
				CLANG_WARN_RANGE_LOOP_ANALYSIS = YES;
				CLANG_WARN_STRICT_PROTOTYPES = YES;
				CLANG_WARN_SUSPICIOUS_MOVE = YES;
				CLANG_WARN_UNGUARDED_AVAILABILITY = YES_AGGRESSIVE;
				CLANG_WARN_UNREACHABLE_CODE = YES;
				CLANG_WARN__DUPLICATE_METHOD_MATCH = YES;
				CODE_SIGN_IDENTITY = "iPhone Developer";
				COPY_PHASE_STRIP = NO;
				DEBUG_INFORMATION_FORMAT = dwarf;
				ENABLE_STRICT_OBJC_MSGSEND = YES;
				ENABLE_TESTABILITY = YES;
				GCC_C_LANGUAGE_STANDARD = gnu11;
				GCC_DYNAMIC_NO_PIC = NO;
				GCC_NO_COMMON_BLOCKS = YES;
				GCC_OPTIMIZATION_LEVEL = 0;
				GCC_PREPROCESSOR_DEFINITIONS = (
					"DEBUG=1",
					"$(inherited)",
				);
				GCC_WARN_64_TO_32_BIT_CONVERSION = YES;
				GCC_WARN_ABOUT_RETURN_TYPE = YES_ERROR;
				GCC_WARN_UNDECLARED_SELECTOR = YES;
				GCC_WARN_UNINITIALIZED_AUTOS = YES_AGGRESSIVE;
				GCC_WARN_UNUSED_FUNCTION = YES;
				GCC_WARN_UNUSED_VARIABLE = YES;
				IPHONEOS_DEPLOYMENT_TARGET = 11.3;
				MTL_ENABLE_DEBUG_INFO = YES;
				ONLY_ACTIVE_ARCH = YES;
				SDKROOT = iphoneos;
				SWIFT_ACTIVE_COMPILATION_CONDITIONS = DEBUG;
				SWIFT_OPTIMIZATION_LEVEL = "-Onone";
			};
			name = Debug;
		};
		BDA7E751207F03B900C6689F /* Release */ = {
			isa = XCBuildConfiguration;
			buildSettings = {
				ALWAYS_SEARCH_USER_PATHS = NO;
				CLANG_ANALYZER_LOCALIZABILITY_NONLOCALIZED = YES;
				CLANG_ANALYZER_NONNULL = YES;
				CLANG_ANALYZER_NUMBER_OBJECT_CONVERSION = YES_AGGRESSIVE;
				CLANG_CXX_LANGUAGE_STANDARD = "gnu++14";
				CLANG_CXX_LIBRARY = "libc++";
				CLANG_ENABLE_MODULES = YES;
				CLANG_ENABLE_OBJC_ARC = YES;
				CLANG_ENABLE_OBJC_WEAK = YES;
				CLANG_WARN_BLOCK_CAPTURE_AUTORELEASING = YES;
				CLANG_WARN_BOOL_CONVERSION = YES;
				CLANG_WARN_COMMA = YES;
				CLANG_WARN_CONSTANT_CONVERSION = YES;
				CLANG_WARN_DEPRECATED_OBJC_IMPLEMENTATIONS = YES;
				CLANG_WARN_DIRECT_OBJC_ISA_USAGE = YES_ERROR;
				CLANG_WARN_DOCUMENTATION_COMMENTS = YES;
				CLANG_WARN_EMPTY_BODY = YES;
				CLANG_WARN_ENUM_CONVERSION = YES;
				CLANG_WARN_INFINITE_RECURSION = YES;
				CLANG_WARN_INT_CONVERSION = YES;
				CLANG_WARN_NON_LITERAL_NULL_CONVERSION = YES;
				CLANG_WARN_OBJC_IMPLICIT_RETAIN_SELF = YES;
				CLANG_WARN_OBJC_LITERAL_CONVERSION = YES;
				CLANG_WARN_OBJC_ROOT_CLASS = YES_ERROR;
				CLANG_WARN_RANGE_LOOP_ANALYSIS = YES;
				CLANG_WARN_STRICT_PROTOTYPES = YES;
				CLANG_WARN_SUSPICIOUS_MOVE = YES;
				CLANG_WARN_UNGUARDED_AVAILABILITY = YES_AGGRESSIVE;
				CLANG_WARN_UNREACHABLE_CODE = YES;
				CLANG_WARN__DUPLICATE_METHOD_MATCH = YES;
				CODE_SIGN_IDENTITY = "iPhone Developer";
				COPY_PHASE_STRIP = NO;
				DEBUG_INFORMATION_FORMAT = "dwarf-with-dsym";
				ENABLE_NS_ASSERTIONS = NO;
				ENABLE_STRICT_OBJC_MSGSEND = YES;
				GCC_C_LANGUAGE_STANDARD = gnu11;
				GCC_NO_COMMON_BLOCKS = YES;
				GCC_WARN_64_TO_32_BIT_CONVERSION = YES;
				GCC_WARN_ABOUT_RETURN_TYPE = YES_ERROR;
				GCC_WARN_UNDECLARED_SELECTOR = YES;
				GCC_WARN_UNINITIALIZED_AUTOS = YES_AGGRESSIVE;
				GCC_WARN_UNUSED_FUNCTION = YES;
				GCC_WARN_UNUSED_VARIABLE = YES;
				IPHONEOS_DEPLOYMENT_TARGET = 11.3;
				MTL_ENABLE_DEBUG_INFO = NO;
				SDKROOT = iphoneos;
				SWIFT_COMPILATION_MODE = wholemodule;
				SWIFT_OPTIMIZATION_LEVEL = "-O";
				VALIDATE_PRODUCT = YES;
			};
			name = Release;
		};
		BDA7E753207F03B900C6689F /* Debug */ = {
			isa = XCBuildConfiguration;
			buildSettings = {
				ASSETCATALOG_COMPILER_APPICON_NAME = AppIcon;
				CODE_SIGN_STYLE = Automatic;
				INFOPLIST_FILE = SearchBookApp/Info.plist;
				LD_RUNPATH_SEARCH_PATHS = (
					"$(inherited)",
					"@executable_path/Frameworks",
				);
				PRODUCT_BUNDLE_IDENTIFIER = com.accenture.SearchBookApp;
				PRODUCT_NAME = "$(TARGET_NAME)";
				SWIFT_VERSION = 4.0;
				TARGETED_DEVICE_FAMILY = "1,2";
			};
			name = Debug;
		};
		BDA7E754207F03B900C6689F /* Release */ = {
			isa = XCBuildConfiguration;
			buildSettings = {
				ASSETCATALOG_COMPILER_APPICON_NAME = AppIcon;
				CODE_SIGN_STYLE = Automatic;
				INFOPLIST_FILE = SearchBookApp/Info.plist;
				LD_RUNPATH_SEARCH_PATHS = (
					"$(inherited)",
					"@executable_path/Frameworks",
				);
				PRODUCT_BUNDLE_IDENTIFIER = com.accenture.SearchBookApp;
				PRODUCT_NAME = "$(TARGET_NAME)";
				SWIFT_VERSION = 4.0;
				TARGETED_DEVICE_FAMILY = "1,2";
			};
			name = Release;
		};
		BDA7E756207F03B900C6689F /* Debug */ = {
			isa = XCBuildConfiguration;
			buildSettings = {
				ALWAYS_EMBED_SWIFT_STANDARD_LIBRARIES = YES;
				BUNDLE_LOADER = "$(TEST_HOST)";
				CODE_SIGN_STYLE = Automatic;
				INFOPLIST_FILE = SearchBookAppTests/Info.plist;
				LD_RUNPATH_SEARCH_PATHS = (
					"$(inherited)",
					"@executable_path/Frameworks",
					"@loader_path/Frameworks",
				);
				PRODUCT_BUNDLE_IDENTIFIER = com.accenture.SearchBookAppTests;
				PRODUCT_NAME = "$(TARGET_NAME)";
				SWIFT_VERSION = 4.0;
				TARGETED_DEVICE_FAMILY = "1,2";
				TEST_HOST = "$(BUILT_PRODUCTS_DIR)/SearchBookApp.app/SearchBookApp";
			};
			name = Debug;
		};
		BDA7E757207F03B900C6689F /* Release */ = {
			isa = XCBuildConfiguration;
			buildSettings = {
				ALWAYS_EMBED_SWIFT_STANDARD_LIBRARIES = YES;
				BUNDLE_LOADER = "$(TEST_HOST)";
				CODE_SIGN_STYLE = Automatic;
				INFOPLIST_FILE = SearchBookAppTests/Info.plist;
				LD_RUNPATH_SEARCH_PATHS = (
					"$(inherited)",
					"@executable_path/Frameworks",
					"@loader_path/Frameworks",
				);
				PRODUCT_BUNDLE_IDENTIFIER = com.accenture.SearchBookAppTests;
				PRODUCT_NAME = "$(TARGET_NAME)";
				SWIFT_VERSION = 4.0;
				TARGETED_DEVICE_FAMILY = "1,2";
				TEST_HOST = "$(BUILT_PRODUCTS_DIR)/SearchBookApp.app/SearchBookApp";
			};
			name = Release;
		};
		BDA7E759207F03B900C6689F /* Debug */ = {
			isa = XCBuildConfiguration;
			buildSettings = {
				ALWAYS_EMBED_SWIFT_STANDARD_LIBRARIES = YES;
				CODE_SIGN_STYLE = Automatic;
				INFOPLIST_FILE = SearchBookAppUITests/Info.plist;
				LD_RUNPATH_SEARCH_PATHS = (
					"$(inherited)",
					"@executable_path/Frameworks",
					"@loader_path/Frameworks",
				);
				PRODUCT_BUNDLE_IDENTIFIER = com.accenture.SearchBookAppUITests;
				PRODUCT_NAME = "$(TARGET_NAME)";
				SWIFT_VERSION = 4.0;
				TARGETED_DEVICE_FAMILY = "1,2";
				TEST_TARGET_NAME = SearchBookApp;
			};
			name = Debug;
		};
		BDA7E75A207F03B900C6689F /* Release */ = {
			isa = XCBuildConfiguration;
			buildSettings = {
				ALWAYS_EMBED_SWIFT_STANDARD_LIBRARIES = YES;
				CODE_SIGN_STYLE = Automatic;
				INFOPLIST_FILE = SearchBookAppUITests/Info.plist;
				LD_RUNPATH_SEARCH_PATHS = (
					"$(inherited)",
					"@executable_path/Frameworks",
					"@loader_path/Frameworks",
				);
				PRODUCT_BUNDLE_IDENTIFIER = com.accenture.SearchBookAppUITests;
				PRODUCT_NAME = "$(TARGET_NAME)";
				SWIFT_VERSION = 4.0;
				TARGETED_DEVICE_FAMILY = "1,2";
				TEST_TARGET_NAME = SearchBookApp;
			};
			name = Release;
		};
/* End XCBuildConfiguration section */

/* Begin XCConfigurationList section */
		BDA7E725207F03B700C6689F /* Build configuration list for PBXProject "SearchBookApp" */ = {
			isa = XCConfigurationList;
			buildConfigurations = (
				BDA7E750207F03B900C6689F /* Debug */,
				BDA7E751207F03B900C6689F /* Release */,
			);
			defaultConfigurationIsVisible = 0;
			defaultConfigurationName = Release;
		};
		BDA7E752207F03B900C6689F /* Build configuration list for PBXNativeTarget "SearchBookApp" */ = {
			isa = XCConfigurationList;
			buildConfigurations = (
				BDA7E753207F03B900C6689F /* Debug */,
				BDA7E754207F03B900C6689F /* Release */,
			);
			defaultConfigurationIsVisible = 0;
			defaultConfigurationName = Release;
		};
		BDA7E755207F03B900C6689F /* Build configuration list for PBXNativeTarget "SearchBookAppTests" */ = {
			isa = XCConfigurationList;
			buildConfigurations = (
				BDA7E756207F03B900C6689F /* Debug */,
				BDA7E757207F03B900C6689F /* Release */,
			);
			defaultConfigurationIsVisible = 0;
			defaultConfigurationName = Release;
		};
		BDA7E758207F03B900C6689F /* Build configuration list for PBXNativeTarget "SearchBookAppUITests" */ = {
			isa = XCConfigurationList;
			buildConfigurations = (
				BDA7E759207F03B900C6689F /* Debug */,
				BDA7E75A207F03B900C6689F /* Release */,
			);
			defaultConfigurationIsVisible = 0;
			defaultConfigurationName = Release;
		};
/* End XCConfigurationList section */
	};
	rootObject = BDA7E722207F03B700C6689F /* Project object */;
}
