// !$*UTF8*$!
{
	archiveVersion = 1;
	classes = {
	};
	objectVersion = 50;
	objects = {

/* Begin PBXBuildFile section */
		5E681D1452BA48D24F5E39E9 /* Pods_SearchBookAppTests.framework in Frameworks */ = {isa = PBXBuildFile; fileRef = BDBCC0380E21281D240D6B7D /* Pods_SearchBookAppTests.framework */; };
		AAE1B1AB002EE2FEDF34AE5B /* Pods_SearchBookApp.framework in Frameworks */ = {isa = PBXBuildFile; fileRef = 4123C4CE16096FF4AF753371 /* Pods_SearchBookApp.framework */; };
		BD25CD6C20844E0A00A1FAA3 /* BookListTableViewCell.swift in Sources */ = {isa = PBXBuildFile; fileRef = BD25CD6A20844E0A00A1FAA3 /* BookListTableViewCell.swift */; };
		BD25CD6D20844E0A00A1FAA3 /* BookListTableViewCell.xib in Resources */ = {isa = PBXBuildFile; fileRef = BD25CD6B20844E0A00A1FAA3 /* BookListTableViewCell.xib */; };
		BD25CD6E20845AC600A1FAA3 /* BookListTableViewCell.swift in Sources */ = {isa = PBXBuildFile; fileRef = BD25CD6A20844E0A00A1FAA3 /* BookListTableViewCell.swift */; };
		BD25CD6F20845AC700A1FAA3 /* BookListTableViewCell.swift in Sources */ = {isa = PBXBuildFile; fileRef = BD25CD6A20844E0A00A1FAA3 /* BookListTableViewCell.swift */; };
		BD25CD7020845ACF00A1FAA3 /* BookListTableViewCell.xib in Resources */ = {isa = PBXBuildFile; fileRef = BD25CD6B20844E0A00A1FAA3 /* BookListTableViewCell.xib */; };
		BD25CD7120845AD000A1FAA3 /* BookListTableViewCell.xib in Resources */ = {isa = PBXBuildFile; fileRef = BD25CD6B20844E0A00A1FAA3 /* BookListTableViewCell.xib */; };
		BD25CD74208483AA00A1FAA3 /* BookListAPI.swift in Sources */ = {isa = PBXBuildFile; fileRef = BD25CD73208483AA00A1FAA3 /* BookListAPI.swift */; };
		BD25CD75208483AA00A1FAA3 /* BookListAPI.swift in Sources */ = {isa = PBXBuildFile; fileRef = BD25CD73208483AA00A1FAA3 /* BookListAPI.swift */; };
		BD25CD76208483AA00A1FAA3 /* BookListAPI.swift in Sources */ = {isa = PBXBuildFile; fileRef = BD25CD73208483AA00A1FAA3 /* BookListAPI.swift */; };
		BD804425208045550088471A /* CustomButton.swift in Sources */ = {isa = PBXBuildFile; fileRef = BD804424208045540088471A /* CustomButton.swift */; };
		BD80442820805CFA0088471A /* BookListTableViewController.swift in Sources */ = {isa = PBXBuildFile; fileRef = BD80442620805CFA0088471A /* BookListTableViewController.swift */; };
		BD80442920805CFA0088471A /* BookListTableViewController.xib in Resources */ = {isa = PBXBuildFile; fileRef = BD80442720805CFA0088471A /* BookListTableViewController.xib */; };
		BD80442C2080610C0088471A /* DetialViewController.swift in Sources */ = {isa = PBXBuildFile; fileRef = BD80442A2080610C0088471A /* DetialViewController.swift */; };
		BD80442D2080610C0088471A /* DetialViewController.xib in Resources */ = {isa = PBXBuildFile; fileRef = BD80442B2080610C0088471A /* DetialViewController.xib */; };
		BDA7E72E207F03B700C6689F /* AppDelegate.swift in Sources */ = {isa = PBXBuildFile; fileRef = BDA7E72D207F03B700C6689F /* AppDelegate.swift */; };
		BDA7E730207F03B700C6689F /* ViewController.swift in Sources */ = {isa = PBXBuildFile; fileRef = BDA7E72F207F03B700C6689F /* ViewController.swift */; };
		BDA7E735207F03B900C6689F /* Assets.xcassets in Resources */ = {isa = PBXBuildFile; fileRef = BDA7E734207F03B900C6689F /* Assets.xcassets */; };
		BDA7E738207F03B900C6689F /* LaunchScreen.storyboard in Resources */ = {isa = PBXBuildFile; fileRef = BDA7E736207F03B900C6689F /* LaunchScreen.storyboard */; };
		BDA7E743207F03B900C6689F /* SearchBookAppTests.swift in Sources */ = {isa = PBXBuildFile; fileRef = BDA7E742207F03B900C6689F /* SearchBookAppTests.swift */; };
		BDA7E74E207F03B900C6689F /* SearchBookAppUITests.swift in Sources */ = {isa = PBXBuildFile; fileRef = BDA7E74D207F03B900C6689F /* SearchBookAppUITests.swift */; };
		BDA7E75D207F0C3E00C6689F /* LandingViewController.swift in Sources */ = {isa = PBXBuildFile; fileRef = BDA7E75B207F0C3E00C6689F /* LandingViewController.swift */; };
		BDA7E75E207F0C3E00C6689F /* LandingViewController.xib in Resources */ = {isa = PBXBuildFile; fileRef = BDA7E75C207F0C3E00C6689F /* LandingViewController.xib */; };
		BDA7E763207F44D300C6689F /* EntryViewController.swift in Sources */ = {isa = PBXBuildFile; fileRef = BDA7E761207F44D300C6689F /* EntryViewController.swift */; };
		BDA7E764207F44D300C6689F /* EntryViewController.xib in Resources */ = {isa = PBXBuildFile; fileRef = BDA7E762207F44D300C6689F /* EntryViewController.xib */; };
		BDA7E76A207F57B500C6689F /* Localizable.strings in Resources */ = {isa = PBXBuildFile; fileRef = BDA7E76C207F57B500C6689F /* Localizable.strings */; };
		BDA7E76F207F5D6F00C6689F /* Language.swift in Sources */ = {isa = PBXBuildFile; fileRef = BDA7E76E207F5D6F00C6689F /* Language.swift */; };
		BDF4A59F2080A60F004401C4 /* ViewController.swift in Sources */ = {isa = PBXBuildFile; fileRef = BDA7E72F207F03B700C6689F /* ViewController.swift */; };
		BDF4A5A02080A60F004401C4 /* Language.swift in Sources */ = {isa = PBXBuildFile; fileRef = BDA7E76E207F5D6F00C6689F /* Language.swift */; };
		BDF4A5A12080A60F004401C4 /* CustomButton.swift in Sources */ = {isa = PBXBuildFile; fileRef = BD804424208045540088471A /* CustomButton.swift */; };
		BDF4A5A22080A60F004401C4 /* EntryViewController.swift in Sources */ = {isa = PBXBuildFile; fileRef = BDA7E761207F44D300C6689F /* EntryViewController.swift */; };
		BDF4A5A32080A60F004401C4 /* BookListTableViewController.swift in Sources */ = {isa = PBXBuildFile; fileRef = BD80442620805CFA0088471A /* BookListTableViewController.swift */; };
		BDF4A5A42080A60F004401C4 /* LandingViewController.swift in Sources */ = {isa = PBXBuildFile; fileRef = BDA7E75B207F0C3E00C6689F /* LandingViewController.swift */; };
		BDF4A5A52080A60F004401C4 /* AppDelegate.swift in Sources */ = {isa = PBXBuildFile; fileRef = BDA7E72D207F03B700C6689F /* AppDelegate.swift */; };
		BDF4A5A62080A60F004401C4 /* DetialViewController.swift in Sources */ = {isa = PBXBuildFile; fileRef = BD80442A2080610C0088471A /* DetialViewController.swift */; };
		BDF4A5A82080A60F004401C4 /* Pods_SearchBookApp.framework in Frameworks */ = {isa = PBXBuildFile; fileRef = 4123C4CE16096FF4AF753371 /* Pods_SearchBookApp.framework */; };
		BDF4A5AA2080A60F004401C4 /* DetialViewController.xib in Resources */ = {isa = PBXBuildFile; fileRef = BD80442B2080610C0088471A /* DetialViewController.xib */; };
		BDF4A5AB2080A60F004401C4 /* Localizable.strings in Resources */ = {isa = PBXBuildFile; fileRef = BDA7E76C207F57B500C6689F /* Localizable.strings */; };
		BDF4A5AC2080A60F004401C4 /* LandingViewController.xib in Resources */ = {isa = PBXBuildFile; fileRef = BDA7E75C207F0C3E00C6689F /* LandingViewController.xib */; };
		BDF4A5AD2080A60F004401C4 /* EntryViewController.xib in Resources */ = {isa = PBXBuildFile; fileRef = BDA7E762207F44D300C6689F /* EntryViewController.xib */; };
		BDF4A5AE2080A60F004401C4 /* LaunchScreen.storyboard in Resources */ = {isa = PBXBuildFile; fileRef = BDA7E736207F03B900C6689F /* LaunchScreen.storyboard */; };
		BDF4A5AF2080A60F004401C4 /* BookListTableViewController.xib in Resources */ = {isa = PBXBuildFile; fileRef = BD80442720805CFA0088471A /* BookListTableViewController.xib */; };
		BDF4A5B02080A60F004401C4 /* Assets.xcassets in Resources */ = {isa = PBXBuildFile; fileRef = BDA7E734207F03B900C6689F /* Assets.xcassets */; };
		BDF4A5BA2080A8DE004401C4 /* ViewController.swift in Sources */ = {isa = PBXBuildFile; fileRef = BDA7E72F207F03B700C6689F /* ViewController.swift */; };
		BDF4A5BB2080A8DE004401C4 /* Language.swift in Sources */ = {isa = PBXBuildFile; fileRef = BDA7E76E207F5D6F00C6689F /* Language.swift */; };
		BDF4A5BC2080A8DE004401C4 /* CustomButton.swift in Sources */ = {isa = PBXBuildFile; fileRef = BD804424208045540088471A /* CustomButton.swift */; };
		BDF4A5BD2080A8DE004401C4 /* EntryViewController.swift in Sources */ = {isa = PBXBuildFile; fileRef = BDA7E761207F44D300C6689F /* EntryViewController.swift */; };
		BDF4A5BE2080A8DE004401C4 /* BookListTableViewController.swift in Sources */ = {isa = PBXBuildFile; fileRef = BD80442620805CFA0088471A /* BookListTableViewController.swift */; };
		BDF4A5BF2080A8DE004401C4 /* LandingViewController.swift in Sources */ = {isa = PBXBuildFile; fileRef = BDA7E75B207F0C3E00C6689F /* LandingViewController.swift */; };
		BDF4A5C02080A8DE004401C4 /* AppDelegate.swift in Sources */ = {isa = PBXBuildFile; fileRef = BDA7E72D207F03B700C6689F /* AppDelegate.swift */; };
		BDF4A5C12080A8DE004401C4 /* DetialViewController.swift in Sources */ = {isa = PBXBuildFile; fileRef = BD80442A2080610C0088471A /* DetialViewController.swift */; };
		BDF4A5C32080A8DE004401C4 /* Pods_SearchBookApp.framework in Frameworks */ = {isa = PBXBuildFile; fileRef = 4123C4CE16096FF4AF753371 /* Pods_SearchBookApp.framework */; };
		BDF4A5C52080A8DE004401C4 /* DetialViewController.xib in Resources */ = {isa = PBXBuildFile; fileRef = BD80442B2080610C0088471A /* DetialViewController.xib */; };
		BDF4A5C62080A8DE004401C4 /* Localizable.strings in Resources */ = {isa = PBXBuildFile; fileRef = BDA7E76C207F57B500C6689F /* Localizable.strings */; };
		BDF4A5C72080A8DE004401C4 /* LandingViewController.xib in Resources */ = {isa = PBXBuildFile; fileRef = BDA7E75C207F0C3E00C6689F /* LandingViewController.xib */; };
		BDF4A5C82080A8DE004401C4 /* EntryViewController.xib in Resources */ = {isa = PBXBuildFile; fileRef = BDA7E762207F44D300C6689F /* EntryViewController.xib */; };
		BDF4A5C92080A8DE004401C4 /* LaunchScreen.storyboard in Resources */ = {isa = PBXBuildFile; fileRef = BDA7E736207F03B900C6689F /* LaunchScreen.storyboard */; };
		BDF4A5CA2080A8DE004401C4 /* BookListTableViewController.xib in Resources */ = {isa = PBXBuildFile; fileRef = BD80442720805CFA0088471A /* BookListTableViewController.xib */; };
		BDF4A5CB2080A8DE004401C4 /* Assets.xcassets in Resources */ = {isa = PBXBuildFile; fileRef = BDA7E734207F03B900C6689F /* Assets.xcassets */; };
		BDF4A5D32080ACBF004401C4 /* Configurable.swift in Sources */ = {isa = PBXBuildFile; fileRef = BDF4A5D22080ACBF004401C4 /* Configurable.swift */; };
		BDF4A5D42080ACBF004401C4 /* Configurable.swift in Sources */ = {isa = PBXBuildFile; fileRef = BDF4A5D22080ACBF004401C4 /* Configurable.swift */; };
		BDF4A5D52080ACBF004401C4 /* Configurable.swift in Sources */ = {isa = PBXBuildFile; fileRef = BDF4A5D22080ACBF004401C4 /* Configurable.swift */; };
		BDF4A5DD2080ADCD004401C4 /* Config.swift in Sources */ = {isa = PBXBuildFile; fileRef = BDF4A5DA2080ADCD004401C4 /* Config.swift */; };
		BDF4A5E02080ADFE004401C4 /* Config.swift in Sources */ = {isa = PBXBuildFile; fileRef = BDF4A5DE2080ADFE004401C4 /* Config.swift */; };
		BDF4A5E32080AE04004401C4 /* Config.swift in Sources */ = {isa = PBXBuildFile; fileRef = BDF4A5E22080AE04004401C4 /* Config.swift */; };
		EFB5EB7752672A8B6E018DC4 /* Pods_SearchBookAppUITests.framework in Frameworks */ = {isa = PBXBuildFile; fileRef = 424872F3206666A038CDFC4E /* Pods_SearchBookAppUITests.framework */; };
/* End PBXBuildFile section */

/* Begin PBXContainerItemProxy section */
		BDA7E73F207F03B900C6689F /* PBXContainerItemProxy */ = {
			isa = PBXContainerItemProxy;
			containerPortal = BDA7E722207F03B700C6689F /* Project object */;
			proxyType = 1;
			remoteGlobalIDString = BDA7E729207F03B700C6689F;
			remoteInfo = SearchBookApp;
		};
		BDA7E74A207F03B900C6689F /* PBXContainerItemProxy */ = {
			isa = PBXContainerItemProxy;
			containerPortal = BDA7E722207F03B700C6689F /* Project object */;
			proxyType = 1;
			remoteGlobalIDString = BDA7E729207F03B700C6689F;
			remoteInfo = SearchBookApp;
		};
/* End PBXContainerItemProxy section */

/* Begin PBXFileReference section */
		0A6E98DC5B2725AFB2E5A987 /* Pods-SearchBookApp.debug.xcconfig */ = {isa = PBXFileReference; includeInIndex = 1; lastKnownFileType = text.xcconfig; name = "Pods-SearchBookApp.debug.xcconfig"; path = "Pods/Target Support Files/Pods-SearchBookApp/Pods-SearchBookApp.debug.xcconfig"; sourceTree = "<group>"; };
		2CB2AA856E9CFF39F2FB5A62 /* Pods-SearchBookAppTests.debug.xcconfig */ = {isa = PBXFileReference; includeInIndex = 1; lastKnownFileType = text.xcconfig; name = "Pods-SearchBookAppTests.debug.xcconfig"; path = "Pods/Target Support Files/Pods-SearchBookAppTests/Pods-SearchBookAppTests.debug.xcconfig"; sourceTree = "<group>"; };
		4123C4CE16096FF4AF753371 /* Pods_SearchBookApp.framework */ = {isa = PBXFileReference; explicitFileType = wrapper.framework; includeInIndex = 0; path = Pods_SearchBookApp.framework; sourceTree = BUILT_PRODUCTS_DIR; };
		424872F3206666A038CDFC4E /* Pods_SearchBookAppUITests.framework */ = {isa = PBXFileReference; explicitFileType = wrapper.framework; includeInIndex = 0; path = Pods_SearchBookAppUITests.framework; sourceTree = BUILT_PRODUCTS_DIR; };
		491A52799C7B5628C9B27699 /* Pods-SearchBookAppTests.release.xcconfig */ = {isa = PBXFileReference; includeInIndex = 1; lastKnownFileType = text.xcconfig; name = "Pods-SearchBookAppTests.release.xcconfig"; path = "Pods/Target Support Files/Pods-SearchBookAppTests/Pods-SearchBookAppTests.release.xcconfig"; sourceTree = "<group>"; };
		75DA3131FDCDB666C1F81D39 /* Pods-SearchBookAppUITests.release.xcconfig */ = {isa = PBXFileReference; includeInIndex = 1; lastKnownFileType = text.xcconfig; name = "Pods-SearchBookAppUITests.release.xcconfig"; path = "Pods/Target Support Files/Pods-SearchBookAppUITests/Pods-SearchBookAppUITests.release.xcconfig"; sourceTree = "<group>"; };
		89062955143FF7EADEF1BA23 /* Pods-SearchBookAppUITests.debug.xcconfig */ = {isa = PBXFileReference; includeInIndex = 1; lastKnownFileType = text.xcconfig; name = "Pods-SearchBookAppUITests.debug.xcconfig"; path = "Pods/Target Support Files/Pods-SearchBookAppUITests/Pods-SearchBookAppUITests.debug.xcconfig"; sourceTree = "<group>"; };
		BD25CD6A20844E0A00A1FAA3 /* BookListTableViewCell.swift */ = {isa = PBXFileReference; lastKnownFileType = sourcecode.swift; path = BookListTableViewCell.swift; sourceTree = "<group>"; };
		BD25CD6B20844E0A00A1FAA3 /* BookListTableViewCell.xib */ = {isa = PBXFileReference; lastKnownFileType = file.xib; path = BookListTableViewCell.xib; sourceTree = "<group>"; };
		BD25CD73208483AA00A1FAA3 /* BookListAPI.swift */ = {isa = PBXFileReference; lastKnownFileType = sourcecode.swift; path = BookListAPI.swift; sourceTree = "<group>"; };
		BD804424208045540088471A /* CustomButton.swift */ = {isa = PBXFileReference; fileEncoding = 4; lastKnownFileType = sourcecode.swift; path = CustomButton.swift; sourceTree = "<group>"; };
		BD80442620805CFA0088471A /* BookListTableViewController.swift */ = {isa = PBXFileReference; lastKnownFileType = sourcecode.swift; path = BookListTableViewController.swift; sourceTree = "<group>"; };
		BD80442720805CFA0088471A /* BookListTableViewController.xib */ = {isa = PBXFileReference; lastKnownFileType = file.xib; path = BookListTableViewController.xib; sourceTree = "<group>"; };
		BD80442A2080610C0088471A /* DetialViewController.swift */ = {isa = PBXFileReference; lastKnownFileType = sourcecode.swift; path = DetialViewController.swift; sourceTree = "<group>"; };
		BD80442B2080610C0088471A /* DetialViewController.xib */ = {isa = PBXFileReference; lastKnownFileType = file.xib; path = DetialViewController.xib; sourceTree = "<group>"; };
		BDA7E72A207F03B700C6689F /* SearchBookApp.app */ = {isa = PBXFileReference; explicitFileType = wrapper.application; includeInIndex = 0; path = SearchBookApp.app; sourceTree = BUILT_PRODUCTS_DIR; };
		BDA7E72D207F03B700C6689F /* AppDelegate.swift */ = {isa = PBXFileReference; lastKnownFileType = sourcecode.swift; path = AppDelegate.swift; sourceTree = "<group>"; };
		BDA7E72F207F03B700C6689F /* ViewController.swift */ = {isa = PBXFileReference; lastKnownFileType = sourcecode.swift; path = ViewController.swift; sourceTree = "<group>"; };
		BDA7E734207F03B900C6689F /* Assets.xcassets */ = {isa = PBXFileReference; lastKnownFileType = folder.assetcatalog; path = Assets.xcassets; sourceTree = "<group>"; };
		BDA7E737207F03B900C6689F /* Base */ = {isa = PBXFileReference; lastKnownFileType = file.storyboard; name = Base; path = Base.lproj/LaunchScreen.storyboard; sourceTree = "<group>"; };
		BDA7E739207F03B900C6689F /* Info.plist */ = {isa = PBXFileReference; lastKnownFileType = text.plist.xml; path = Info.plist; sourceTree = "<group>"; };
		BDA7E73E207F03B900C6689F /* SearchBookAppTests.xctest */ = {isa = PBXFileReference; explicitFileType = wrapper.cfbundle; includeInIndex = 0; path = SearchBookAppTests.xctest; sourceTree = BUILT_PRODUCTS_DIR; };
		BDA7E742207F03B900C6689F /* SearchBookAppTests.swift */ = {isa = PBXFileReference; lastKnownFileType = sourcecode.swift; path = SearchBookAppTests.swift; sourceTree = "<group>"; };
		BDA7E744207F03B900C6689F /* Info.plist */ = {isa = PBXFileReference; lastKnownFileType = text.plist.xml; path = Info.plist; sourceTree = "<group>"; };
		BDA7E749207F03B900C6689F /* SearchBookAppUITests.xctest */ = {isa = PBXFileReference; explicitFileType = wrapper.cfbundle; includeInIndex = 0; path = SearchBookAppUITests.xctest; sourceTree = BUILT_PRODUCTS_DIR; };
		BDA7E74D207F03B900C6689F /* SearchBookAppUITests.swift */ = {isa = PBXFileReference; lastKnownFileType = sourcecode.swift; path = SearchBookAppUITests.swift; sourceTree = "<group>"; };
		BDA7E74F207F03B900C6689F /* Info.plist */ = {isa = PBXFileReference; lastKnownFileType = text.plist.xml; path = Info.plist; sourceTree = "<group>"; };
		BDA7E75B207F0C3E00C6689F /* LandingViewController.swift */ = {isa = PBXFileReference; lastKnownFileType = sourcecode.swift; path = LandingViewController.swift; sourceTree = "<group>"; };
		BDA7E75C207F0C3E00C6689F /* LandingViewController.xib */ = {isa = PBXFileReference; lastKnownFileType = file.xib; path = LandingViewController.xib; sourceTree = "<group>"; };
		BDA7E761207F44D300C6689F /* EntryViewController.swift */ = {isa = PBXFileReference; lastKnownFileType = sourcecode.swift; path = EntryViewController.swift; sourceTree = "<group>"; };
		BDA7E762207F44D300C6689F /* EntryViewController.xib */ = {isa = PBXFileReference; lastKnownFileType = file.xib; path = EntryViewController.xib; sourceTree = "<group>"; };
		BDA7E769207F578C00C6689F /* zh-Hant */ = {isa = PBXFileReference; lastKnownFileType = text.plist.strings; name = "zh-Hant"; path = "zh-Hant.lproj/LaunchScreen.strings"; sourceTree = "<group>"; };
		BDA7E76B207F57B500C6689F /* en */ = {isa = PBXFileReference; lastKnownFileType = text.plist.strings; name = en; path = en.lproj/Localizable.strings; sourceTree = "<group>"; };
		BDA7E76D207F57B700C6689F /* zh-Hant */ = {isa = PBXFileReference; lastKnownFileType = text.plist.strings; name = "zh-Hant"; path = "zh-Hant.lproj/Localizable.strings"; sourceTree = "<group>"; };
		BDA7E76E207F5D6F00C6689F /* Language.swift */ = {isa = PBXFileReference; lastKnownFileType = sourcecode.swift; path = Language.swift; sourceTree = "<group>"; };
		BDBCC0380E21281D240D6B7D /* Pods_SearchBookAppTests.framework */ = {isa = PBXFileReference; explicitFileType = wrapper.framework; includeInIndex = 0; path = Pods_SearchBookAppTests.framework; sourceTree = BUILT_PRODUCTS_DIR; };
		BDF4A5B52080A60F004401C4 /* SearchBookAppUat.app */ = {isa = PBXFileReference; explicitFileType = wrapper.application; includeInIndex = 0; path = SearchBookAppUat.app; sourceTree = BUILT_PRODUCTS_DIR; };
		BDF4A5B62080A60F004401C4 /* SearchBookAppUat-Info.plist */ = {isa = PBXFileReference; lastKnownFileType = text.plist.xml; name = "SearchBookAppUat-Info.plist"; path = "/Users/th.chan/Desktop/iOSTraining/SearchBookApp/SearchBookAppUat-Info.plist"; sourceTree = "<absolute>"; };
		BDF4A5D02080A8DE004401C4 /* SearchBookAppDev.app */ = {isa = PBXFileReference; explicitFileType = wrapper.application; includeInIndex = 0; path = SearchBookAppDev.app; sourceTree = BUILT_PRODUCTS_DIR; };
		BDF4A5D12080A8DE004401C4 /* SearchBookAppDev-Info.plist */ = {isa = PBXFileReference; lastKnownFileType = text.plist.xml; name = "SearchBookAppDev-Info.plist"; path = "/Users/th.chan/Desktop/iOSTraining/SearchBookApp/SearchBookAppDev-Info.plist"; sourceTree = "<absolute>"; };
		BDF4A5D22080ACBF004401C4 /* Configurable.swift */ = {isa = PBXFileReference; lastKnownFileType = sourcecode.swift; path = Configurable.swift; sourceTree = "<group>"; };
		BDF4A5DA2080ADCD004401C4 /* Config.swift */ = {isa = PBXFileReference; lastKnownFileType = sourcecode.swift; path = Config.swift; sourceTree = "<group>"; };
		BDF4A5DE2080ADFE004401C4 /* Config.swift */ = {isa = PBXFileReference; fileEncoding = 4; lastKnownFileType = sourcecode.swift; path = Config.swift; sourceTree = "<group>"; };
		BDF4A5E22080AE04004401C4 /* Config.swift */ = {isa = PBXFileReference; fileEncoding = 4; lastKnownFileType = sourcecode.swift; path = Config.swift; sourceTree = "<group>"; };
		BEBA1730FAE16CE2163E5521 /* Pods-SearchBookApp.release.xcconfig */ = {isa = PBXFileReference; includeInIndex = 1; lastKnownFileType = text.xcconfig; name = "Pods-SearchBookApp.release.xcconfig"; path = "Pods/Target Support Files/Pods-SearchBookApp/Pods-SearchBookApp.release.xcconfig"; sourceTree = "<group>"; };
/* End PBXFileReference section */

/* Begin PBXFrameworksBuildPhase section */
		BDA7E727207F03B700C6689F /* Frameworks */ = {
			isa = PBXFrameworksBuildPhase;
			buildActionMask = 2147483647;
			files = (
				AAE1B1AB002EE2FEDF34AE5B /* Pods_SearchBookApp.framework in Frameworks */,
			);
			runOnlyForDeploymentPostprocessing = 0;
		};
		BDA7E73B207F03B900C6689F /* Frameworks */ = {
			isa = PBXFrameworksBuildPhase;
			buildActionMask = 2147483647;
			files = (
				5E681D1452BA48D24F5E39E9 /* Pods_SearchBookAppTests.framework in Frameworks */,
			);
			runOnlyForDeploymentPostprocessing = 0;
		};
		BDA7E746207F03B900C6689F /* Frameworks */ = {
			isa = PBXFrameworksBuildPhase;
			buildActionMask = 2147483647;
			files = (
				EFB5EB7752672A8B6E018DC4 /* Pods_SearchBookAppUITests.framework in Frameworks */,
			);
			runOnlyForDeploymentPostprocessing = 0;
		};
		BDF4A5A72080A60F004401C4 /* Frameworks */ = {
			isa = PBXFrameworksBuildPhase;
			buildActionMask = 2147483647;
			files = (
				BDF4A5A82080A60F004401C4 /* Pods_SearchBookApp.framework in Frameworks */,
			);
			runOnlyForDeploymentPostprocessing = 0;
		};
		BDF4A5C22080A8DE004401C4 /* Frameworks */ = {
			isa = PBXFrameworksBuildPhase;
			buildActionMask = 2147483647;
			files = (
				BDF4A5C32080A8DE004401C4 /* Pods_SearchBookApp.framework in Frameworks */,
			);
			runOnlyForDeploymentPostprocessing = 0;
		};
/* End PBXFrameworksBuildPhase section */

/* Begin PBXGroup section */
		13B25EE858D5AF4F6D11381F /* Pods */ = {
			isa = PBXGroup;
			children = (
				0A6E98DC5B2725AFB2E5A987 /* Pods-SearchBookApp.debug.xcconfig */,
				BEBA1730FAE16CE2163E5521 /* Pods-SearchBookApp.release.xcconfig */,
				2CB2AA856E9CFF39F2FB5A62 /* Pods-SearchBookAppTests.debug.xcconfig */,
				491A52799C7B5628C9B27699 /* Pods-SearchBookAppTests.release.xcconfig */,
				89062955143FF7EADEF1BA23 /* Pods-SearchBookAppUITests.debug.xcconfig */,
				75DA3131FDCDB666C1F81D39 /* Pods-SearchBookAppUITests.release.xcconfig */,
			);
			name = Pods;
			sourceTree = "<group>";
		};
		BD25CD6920844D4900A1FAA3 /* UITableViewCell */ = {
			isa = PBXGroup;
			children = (
				BD25CD6A20844E0A00A1FAA3 /* BookListTableViewCell.swift */,
				BD25CD6B20844E0A00A1FAA3 /* BookListTableViewCell.xib */,
			);
			path = UITableViewCell;
			sourceTree = "<group>";
		};
		BD25CD722084829000A1FAA3 /* API */ = {
			isa = PBXGroup;
			children = (
				BD25CD73208483AA00A1FAA3 /* BookListAPI.swift */,
			);
			path = API;
			sourceTree = "<group>";
		};
		BDA7E721207F03B700C6689F = {
			isa = PBXGroup;
			children = (
				BDA7E72C207F03B700C6689F /* SearchBookApp */,
				BDA7E741207F03B900C6689F /* SearchBookAppTests */,
				BDA7E74C207F03B900C6689F /* SearchBookAppUITests */,
				BDA7E72B207F03B700C6689F /* Products */,
				13B25EE858D5AF4F6D11381F /* Pods */,
				C73E3D2B39A22C869C770C53 /* Frameworks */,
				BDF4A5B62080A60F004401C4 /* SearchBookAppUat-Info.plist */,
				BDF4A5D12080A8DE004401C4 /* SearchBookAppDev-Info.plist */,
			);
			sourceTree = "<group>";
		};
		BDA7E72B207F03B700C6689F /* Products */ = {
			isa = PBXGroup;
			children = (
				BDA7E72A207F03B700C6689F /* SearchBookApp.app */,
				BDA7E73E207F03B900C6689F /* SearchBookAppTests.xctest */,
				BDA7E749207F03B900C6689F /* SearchBookAppUITests.xctest */,
				BDF4A5B52080A60F004401C4 /* SearchBookAppUat.app */,
				BDF4A5D02080A8DE004401C4 /* SearchBookAppDev.app */,
			);
			name = Products;
			sourceTree = "<group>";
		};
		BDA7E72C207F03B700C6689F /* SearchBookApp */ = {
			isa = PBXGroup;
			children = (
				BD25CD722084829000A1FAA3 /* API */,
				BD25CD6920844D4900A1FAA3 /* UITableViewCell */,
				BDF4A5D62080AD95004401C4 /* Config */,
				BDA7E760207F44A200C6689F /* View */,
				BDA7E72D207F03B700C6689F /* AppDelegate.swift */,
				BDA7E72F207F03B700C6689F /* ViewController.swift */,
				BDA7E734207F03B900C6689F /* Assets.xcassets */,
				BDA7E736207F03B900C6689F /* LaunchScreen.storyboard */,
				BDA7E739207F03B900C6689F /* Info.plist */,
				BDA7E75B207F0C3E00C6689F /* LandingViewController.swift */,
				BDA7E75C207F0C3E00C6689F /* LandingViewController.xib */,
				BDA7E76C207F57B500C6689F /* Localizable.strings */,
				BDA7E76E207F5D6F00C6689F /* Language.swift */,
				BDF4A5D22080ACBF004401C4 /* Configurable.swift */,
			);
			path = SearchBookApp;
			sourceTree = "<group>";
		};
		BDA7E741207F03B900C6689F /* SearchBookAppTests */ = {
			isa = PBXGroup;
			children = (
				BDA7E742207F03B900C6689F /* SearchBookAppTests.swift */,
				BDA7E744207F03B900C6689F /* Info.plist */,
			);
			path = SearchBookAppTests;
			sourceTree = "<group>";
		};
		BDA7E74C207F03B900C6689F /* SearchBookAppUITests */ = {
			isa = PBXGroup;
			children = (
				BDA7E74D207F03B900C6689F /* SearchBookAppUITests.swift */,
				BDA7E74F207F03B900C6689F /* Info.plist */,
			);
			path = SearchBookAppUITests;
			sourceTree = "<group>";
		};
		BDA7E760207F44A200C6689F /* View */ = {
			isa = PBXGroup;
			children = (
				BD804424208045540088471A /* CustomButton.swift */,
				BDA7E761207F44D300C6689F /* EntryViewController.swift */,
				BDA7E762207F44D300C6689F /* EntryViewController.xib */,
				BD80442620805CFA0088471A /* BookListTableViewController.swift */,
				BD80442720805CFA0088471A /* BookListTableViewController.xib */,
				BD80442A2080610C0088471A /* DetialViewController.swift */,
				BD80442B2080610C0088471A /* DetialViewController.xib */,
			);
			path = View;
			sourceTree = "<group>";
		};
		BDF4A5D62080AD95004401C4 /* Config */ = {
			isa = PBXGroup;
			children = (
				BDF4A5D92080ADB0004401C4 /* Prod */,
				BDF4A5D82080ADA9004401C4 /* Uat */,
				BDF4A5D72080ADA2004401C4 /* Dev */,
			);
			path = Config;
			sourceTree = "<group>";
		};
		BDF4A5D72080ADA2004401C4 /* Dev */ = {
			isa = PBXGroup;
			children = (
				BDF4A5DA2080ADCD004401C4 /* Config.swift */,
			);
			path = Dev;
			sourceTree = "<group>";
		};
		BDF4A5D82080ADA9004401C4 /* Uat */ = {
			isa = PBXGroup;
			children = (
				BDF4A5DE2080ADFE004401C4 /* Config.swift */,
			);
			path = Uat;
			sourceTree = "<group>";
		};
		BDF4A5D92080ADB0004401C4 /* Prod */ = {
			isa = PBXGroup;
			children = (
				BDF4A5E22080AE04004401C4 /* Config.swift */,
			);
			path = Prod;
			sourceTree = "<group>";
		};
		C73E3D2B39A22C869C770C53 /* Frameworks */ = {
			isa = PBXGroup;
			children = (
				4123C4CE16096FF4AF753371 /* Pods_SearchBookApp.framework */,
				BDBCC0380E21281D240D6B7D /* Pods_SearchBookAppTests.framework */,
				424872F3206666A038CDFC4E /* Pods_SearchBookAppUITests.framework */,
			);
			name = Frameworks;
			sourceTree = "<group>";
		};
/* End PBXGroup section */

/* Begin PBXNativeTarget section */
		BDA7E729207F03B700C6689F /* SearchBookApp */ = {
			isa = PBXNativeTarget;
			buildConfigurationList = BDA7E752207F03B900C6689F /* Build configuration list for PBXNativeTarget "SearchBookApp" */;
			buildPhases = (
				DEF90AD488ED836D991EADAD /* [CP] Check Pods Manifest.lock */,
				BDA7E726207F03B700C6689F /* Sources */,
				BDA7E727207F03B700C6689F /* Frameworks */,
				BDA7E728207F03B700C6689F /* Resources */,
				EA343E81721CD1727E44DE64 /* [CP] Embed Pods Frameworks */,
			);
			buildRules = (
			);
			dependencies = (
			);
			name = SearchBookApp;
			productName = SearchBookApp;
			productReference = BDA7E72A207F03B700C6689F /* SearchBookApp.app */;
			productType = "com.apple.product-type.application";
		};
		BDA7E73D207F03B900C6689F /* SearchBookAppTests */ = {
			isa = PBXNativeTarget;
			buildConfigurationList = BDA7E755207F03B900C6689F /* Build configuration list for PBXNativeTarget "SearchBookAppTests" */;
			buildPhases = (
				C2122D115E24196235AFE53C /* [CP] Check Pods Manifest.lock */,
				BDA7E73A207F03B900C6689F /* Sources */,
				BDA7E73B207F03B900C6689F /* Frameworks */,
				BDA7E73C207F03B900C6689F /* Resources */,
			);
			buildRules = (
			);
			dependencies = (
				BDA7E740207F03B900C6689F /* PBXTargetDependency */,
			);
			name = SearchBookAppTests;
			productName = SearchBookAppTests;
			productReference = BDA7E73E207F03B900C6689F /* SearchBookAppTests.xctest */;
			productType = "com.apple.product-type.bundle.unit-test";
		};
		BDA7E748207F03B900C6689F /* SearchBookAppUITests */ = {
			isa = PBXNativeTarget;
			buildConfigurationList = BDA7E758207F03B900C6689F /* Build configuration list for PBXNativeTarget "SearchBookAppUITests" */;
			buildPhases = (
				0240D0C4E21428C82D5C79ED /* [CP] Check Pods Manifest.lock */,
				BDA7E745207F03B900C6689F /* Sources */,
				BDA7E746207F03B900C6689F /* Frameworks */,
				BDA7E747207F03B900C6689F /* Resources */,
			);
			buildRules = (
			);
			dependencies = (
				BDA7E74B207F03B900C6689F /* PBXTargetDependency */,
			);
			name = SearchBookAppUITests;
			productName = SearchBookAppUITests;
			productReference = BDA7E749207F03B900C6689F /* SearchBookAppUITests.xctest */;
			productType = "com.apple.product-type.bundle.ui-testing";
		};
		BDF4A59C2080A60F004401C4 /* SearchBookAppUat */ = {
			isa = PBXNativeTarget;
			buildConfigurationList = BDF4A5B22080A60F004401C4 /* Build configuration list for PBXNativeTarget "SearchBookAppUat" */;
			buildPhases = (
				BDF4A59D2080A60F004401C4 /* [CP] Check Pods Manifest.lock */,
				BDF4A59E2080A60F004401C4 /* Sources */,
				BDF4A5A72080A60F004401C4 /* Frameworks */,
				BDF4A5A92080A60F004401C4 /* Resources */,
				BDF4A5B12080A60F004401C4 /* [CP] Embed Pods Frameworks */,
			);
			buildRules = (
			);
			dependencies = (
			);
			name = SearchBookAppUat;
			productName = SearchBookApp;
			productReference = BDF4A5B52080A60F004401C4 /* SearchBookAppUat.app */;
			productType = "com.apple.product-type.application";
		};
		BDF4A5B72080A8DE004401C4 /* SearchBookAppDev */ = {
			isa = PBXNativeTarget;
			buildConfigurationList = BDF4A5CD2080A8DE004401C4 /* Build configuration list for PBXNativeTarget "SearchBookAppDev" */;
			buildPhases = (
				BDF4A5B82080A8DE004401C4 /* [CP] Check Pods Manifest.lock */,
				BDF4A5B92080A8DE004401C4 /* Sources */,
				BDF4A5C22080A8DE004401C4 /* Frameworks */,
				BDF4A5C42080A8DE004401C4 /* Resources */,
				BDF4A5CC2080A8DE004401C4 /* [CP] Embed Pods Frameworks */,
			);
			buildRules = (
			);
			dependencies = (
			);
			name = SearchBookAppDev;
			productName = SearchBookApp;
			productReference = BDF4A5D02080A8DE004401C4 /* SearchBookAppDev.app */;
			productType = "com.apple.product-type.application";
		};
/* End PBXNativeTarget section */

/* Begin PBXProject section */
		BDA7E722207F03B700C6689F /* Project object */ = {
			isa = PBXProject;
			attributes = {
				LastSwiftUpdateCheck = 0930;
				LastUpgradeCheck = 0930;
				ORGANIZATIONNAME = temp;
				TargetAttributes = {
					BDA7E729207F03B700C6689F = {
						CreatedOnToolsVersion = 9.3;
					};
					BDA7E73D207F03B900C6689F = {
						CreatedOnToolsVersion = 9.3;
						TestTargetID = BDA7E729207F03B700C6689F;
					};
					BDA7E748207F03B900C6689F = {
						CreatedOnToolsVersion = 9.3;
						TestTargetID = BDA7E729207F03B700C6689F;
					};
				};
			};
			buildConfigurationList = BDA7E725207F03B700C6689F /* Build configuration list for PBXProject "SearchBookApp" */;
			compatibilityVersion = "Xcode 9.3";
			developmentRegion = en;
			hasScannedForEncodings = 0;
			knownRegions = (
				en,
				Base,
				"zh-Hant",
			);
			mainGroup = BDA7E721207F03B700C6689F;
			productRefGroup = BDA7E72B207F03B700C6689F /* Products */;
			projectDirPath = "";
			projectRoot = "";
			targets = (
				BDA7E729207F03B700C6689F /* SearchBookApp */,
				BDA7E73D207F03B900C6689F /* SearchBookAppTests */,
				BDA7E748207F03B900C6689F /* SearchBookAppUITests */,
				BDF4A59C2080A60F004401C4 /* SearchBookAppUat */,
				BDF4A5B72080A8DE004401C4 /* SearchBookAppDev */,
			);
		};
/* End PBXProject section */

/* Begin PBXResourcesBuildPhase section */
		BDA7E728207F03B700C6689F /* Resources */ = {
			isa = PBXResourcesBuildPhase;
			buildActionMask = 2147483647;
			files = (
				BD80442D2080610C0088471A /* DetialViewController.xib in Resources */,
				BDA7E76A207F57B500C6689F /* Localizable.strings in Resources */,
				BDA7E75E207F0C3E00C6689F /* LandingViewController.xib in Resources */,
				BDA7E764207F44D300C6689F /* EntryViewController.xib in Resources */,
				BD25CD6D20844E0A00A1FAA3 /* BookListTableViewCell.xib in Resources */,
				BDA7E738207F03B900C6689F /* LaunchScreen.storyboard in Resources */,
				BD80442920805CFA0088471A /* BookListTableViewController.xib in Resources */,
				BDA7E735207F03B900C6689F /* Assets.xcassets in Resources */,
			);
			runOnlyForDeploymentPostprocessing = 0;
		};
		BDA7E73C207F03B900C6689F /* Resources */ = {
			isa = PBXResourcesBuildPhase;
			buildActionMask = 2147483647;
			files = (
			);
			runOnlyForDeploymentPostprocessing = 0;
		};
		BDA7E747207F03B900C6689F /* Resources */ = {
			isa = PBXResourcesBuildPhase;
			buildActionMask = 2147483647;
			files = (
			);
			runOnlyForDeploymentPostprocessing = 0;
		};
		BDF4A5A92080A60F004401C4 /* Resources */ = {
			isa = PBXResourcesBuildPhase;
			buildActionMask = 2147483647;
			files = (
				BDF4A5AA2080A60F004401C4 /* DetialViewController.xib in Resources */,
				BDF4A5AB2080A60F004401C4 /* Localizable.strings in Resources */,
				BDF4A5AC2080A60F004401C4 /* LandingViewController.xib in Resources */,
				BDF4A5AD2080A60F004401C4 /* EntryViewController.xib in Resources */,
				BD25CD7020845ACF00A1FAA3 /* BookListTableViewCell.xib in Resources */,
				BDF4A5AE2080A60F004401C4 /* LaunchScreen.storyboard in Resources */,
				BDF4A5AF2080A60F004401C4 /* BookListTableViewController.xib in Resources */,
				BDF4A5B02080A60F004401C4 /* Assets.xcassets in Resources */,
			);
			runOnlyForDeploymentPostprocessing = 0;
		};
		BDF4A5C42080A8DE004401C4 /* Resources */ = {
			isa = PBXResourcesBuildPhase;
			buildActionMask = 2147483647;
			files = (
				BDF4A5C52080A8DE004401C4 /* DetialViewController.xib in Resources */,
				BDF4A5C62080A8DE004401C4 /* Localizable.strings in Resources */,
				BDF4A5C72080A8DE004401C4 /* LandingViewController.xib in Resources */,
				BDF4A5C82080A8DE004401C4 /* EntryViewController.xib in Resources */,
				BD25CD7120845AD000A1FAA3 /* BookListTableViewCell.xib in Resources */,
				BDF4A5C92080A8DE004401C4 /* LaunchScreen.storyboard in Resources */,
				BDF4A5CA2080A8DE004401C4 /* BookListTableViewController.xib in Resources */,
				BDF4A5CB2080A8DE004401C4 /* Assets.xcassets in Resources */,
			);
			runOnlyForDeploymentPostprocessing = 0;
		};
/* End PBXResourcesBuildPhase section */

/* Begin PBXShellScriptBuildPhase section */
		0240D0C4E21428C82D5C79ED /* [CP] Check Pods Manifest.lock */ = {
			isa = PBXShellScriptBuildPhase;
			buildActionMask = 2147483647;
			files = (
			);
			inputPaths = (
				"${PODS_PODFILE_DIR_PATH}/Podfile.lock",
				"${PODS_ROOT}/Manifest.lock",
			);
			name = "[CP] Check Pods Manifest.lock";
			outputPaths = (
				"$(DERIVED_FILE_DIR)/Pods-SearchBookAppUITests-checkManifestLockResult.txt",
			);
			runOnlyForDeploymentPostprocessing = 0;
			shellPath = /bin/sh;
			shellScript = "diff \"${PODS_PODFILE_DIR_PATH}/Podfile.lock\" \"${PODS_ROOT}/Manifest.lock\" > /dev/null\nif [ $? != 0 ] ; then\n    # print error to STDERR\n    echo \"error: The sandbox is not in sync with the Podfile.lock. Run 'pod install' or update your CocoaPods installation.\" >&2\n    exit 1\nfi\n# This output is used by Xcode 'outputs' to avoid re-running this script phase.\necho \"SUCCESS\" > \"${SCRIPT_OUTPUT_FILE_0}\"\n";
			showEnvVarsInLog = 0;
		};
		BDF4A59D2080A60F004401C4 /* [CP] Check Pods Manifest.lock */ = {
			isa = PBXShellScriptBuildPhase;
			buildActionMask = 2147483647;
			files = (
			);
			inputPaths = (
				"${PODS_PODFILE_DIR_PATH}/Podfile.lock",
				"${PODS_ROOT}/Manifest.lock",
			);
			name = "[CP] Check Pods Manifest.lock";
			outputPaths = (
				"$(DERIVED_FILE_DIR)/Pods-SearchBookApp-checkManifestLockResult.txt",
			);
			runOnlyForDeploymentPostprocessing = 0;
			shellPath = /bin/sh;
			shellScript = "diff \"${PODS_PODFILE_DIR_PATH}/Podfile.lock\" \"${PODS_ROOT}/Manifest.lock\" > /dev/null\nif [ $? != 0 ] ; then\n    # print error to STDERR\n    echo \"error: The sandbox is not in sync with the Podfile.lock. Run 'pod install' or update your CocoaPods installation.\" >&2\n    exit 1\nfi\n# This output is used by Xcode 'outputs' to avoid re-running this script phase.\necho \"SUCCESS\" > \"${SCRIPT_OUTPUT_FILE_0}\"\n";
			showEnvVarsInLog = 0;
		};
		BDF4A5B12080A60F004401C4 /* [CP] Embed Pods Frameworks */ = {
			isa = PBXShellScriptBuildPhase;
			buildActionMask = 2147483647;
			files = (
			);
			inputPaths = (
				"${SRCROOT}/Pods/Target Support Files/Pods-SearchBookApp/Pods-SearchBookApp-frameworks.sh",
				"${BUILT_PRODUCTS_DIR}/Alamofire/Alamofire.framework",
				"${BUILT_PRODUCTS_DIR}/Moya/Moya.framework",
				"${BUILT_PRODUCTS_DIR}/Result/Result.framework",
			);
			name = "[CP] Embed Pods Frameworks";
			outputPaths = (
				"${TARGET_BUILD_DIR}/${FRAMEWORKS_FOLDER_PATH}/Alamofire.framework",
				"${TARGET_BUILD_DIR}/${FRAMEWORKS_FOLDER_PATH}/Moya.framework",
				"${TARGET_BUILD_DIR}/${FRAMEWORKS_FOLDER_PATH}/Result.framework",
			);
			runOnlyForDeploymentPostprocessing = 0;
			shellPath = /bin/sh;
			shellScript = "\"${SRCROOT}/Pods/Target Support Files/Pods-SearchBookApp/Pods-SearchBookApp-frameworks.sh\"\n";
			showEnvVarsInLog = 0;
		};
		BDF4A5B82080A8DE004401C4 /* [CP] Check Pods Manifest.lock */ = {
			isa = PBXShellScriptBuildPhase;
			buildActionMask = 2147483647;
			files = (
			);
			inputPaths = (
				"${PODS_PODFILE_DIR_PATH}/Podfile.lock",
				"${PODS_ROOT}/Manifest.lock",
			);
			name = "[CP] Check Pods Manifest.lock";
			outputPaths = (
				"$(DERIVED_FILE_DIR)/Pods-SearchBookApp-checkManifestLockResult.txt",
			);
			runOnlyForDeploymentPostprocessing = 0;
			shellPath = /bin/sh;
			shellScript = "diff \"${PODS_PODFILE_DIR_PATH}/Podfile.lock\" \"${PODS_ROOT}/Manifest.lock\" > /dev/null\nif [ $? != 0 ] ; then\n    # print error to STDERR\n    echo \"error: The sandbox is not in sync with the Podfile.lock. Run 'pod install' or update your CocoaPods installation.\" >&2\n    exit 1\nfi\n# This output is used by Xcode 'outputs' to avoid re-running this script phase.\necho \"SUCCESS\" > \"${SCRIPT_OUTPUT_FILE_0}\"\n";
			showEnvVarsInLog = 0;
		};
		BDF4A5CC2080A8DE004401C4 /* [CP] Embed Pods Frameworks */ = {
			isa = PBXShellScriptBuildPhase;
			buildActionMask = 2147483647;
			files = (
			);
			inputPaths = (
				"${SRCROOT}/Pods/Target Support Files/Pods-SearchBookApp/Pods-SearchBookApp-frameworks.sh",
				"${BUILT_PRODUCTS_DIR}/Alamofire/Alamofire.framework",
				"${BUILT_PRODUCTS_DIR}/Moya/Moya.framework",
				"${BUILT_PRODUCTS_DIR}/Result/Result.framework",
			);
			name = "[CP] Embed Pods Frameworks";
			outputPaths = (
				"${TARGET_BUILD_DIR}/${FRAMEWORKS_FOLDER_PATH}/Alamofire.framework",
				"${TARGET_BUILD_DIR}/${FRAMEWORKS_FOLDER_PATH}/Moya.framework",
				"${TARGET_BUILD_DIR}/${FRAMEWORKS_FOLDER_PATH}/Result.framework",
			);
			runOnlyForDeploymentPostprocessing = 0;
			shellPath = /bin/sh;
			shellScript = "\"${SRCROOT}/Pods/Target Support Files/Pods-SearchBookApp/Pods-SearchBookApp-frameworks.sh\"\n";
			showEnvVarsInLog = 0;
		};
		C2122D115E24196235AFE53C /* [CP] Check Pods Manifest.lock */ = {
			isa = PBXShellScriptBuildPhase;
			buildActionMask = 2147483647;
			files = (
			);
			inputPaths = (
				"${PODS_PODFILE_DIR_PATH}/Podfile.lock",
				"${PODS_ROOT}/Manifest.lock",
			);
			name = "[CP] Check Pods Manifest.lock";
			outputPaths = (
				"$(DERIVED_FILE_DIR)/Pods-SearchBookAppTests-checkManifestLockResult.txt",
			);
			runOnlyForDeploymentPostprocessing = 0;
			shellPath = /bin/sh;
			shellScript = "diff \"${PODS_PODFILE_DIR_PATH}/Podfile.lock\" \"${PODS_ROOT}/Manifest.lock\" > /dev/null\nif [ $? != 0 ] ; then\n    # print error to STDERR\n    echo \"error: The sandbox is not in sync with the Podfile.lock. Run 'pod install' or update your CocoaPods installation.\" >&2\n    exit 1\nfi\n# This output is used by Xcode 'outputs' to avoid re-running this script phase.\necho \"SUCCESS\" > \"${SCRIPT_OUTPUT_FILE_0}\"\n";
			showEnvVarsInLog = 0;
		};
		DEF90AD488ED836D991EADAD /* [CP] Check Pods Manifest.lock */ = {
			isa = PBXShellScriptBuildPhase;
			buildActionMask = 2147483647;
			files = (
			);
			inputPaths = (
				"${PODS_PODFILE_DIR_PATH}/Podfile.lock",
				"${PODS_ROOT}/Manifest.lock",
			);
			name = "[CP] Check Pods Manifest.lock";
			outputPaths = (
				"$(DERIVED_FILE_DIR)/Pods-SearchBookApp-checkManifestLockResult.txt",
			);
			runOnlyForDeploymentPostprocessing = 0;
			shellPath = /bin/sh;
			shellScript = "diff \"${PODS_PODFILE_DIR_PATH}/Podfile.lock\" \"${PODS_ROOT}/Manifest.lock\" > /dev/null\nif [ $? != 0 ] ; then\n    # print error to STDERR\n    echo \"error: The sandbox is not in sync with the Podfile.lock. Run 'pod install' or update your CocoaPods installation.\" >&2\n    exit 1\nfi\n# This output is used by Xcode 'outputs' to avoid re-running this script phase.\necho \"SUCCESS\" > \"${SCRIPT_OUTPUT_FILE_0}\"\n";
			showEnvVarsInLog = 0;
		};
		EA343E81721CD1727E44DE64 /* [CP] Embed Pods Frameworks */ = {
			isa = PBXShellScriptBuildPhase;
			buildActionMask = 2147483647;
			files = (
			);
			inputPaths = (
				"${SRCROOT}/Pods/Target Support Files/Pods-SearchBookApp/Pods-SearchBookApp-frameworks.sh",
				"${BUILT_PRODUCTS_DIR}/Alamofire/Alamofire.framework",
				"${BUILT_PRODUCTS_DIR}/Moya/Moya.framework",
				"${BUILT_PRODUCTS_DIR}/Result/Result.framework",
			);
			name = "[CP] Embed Pods Frameworks";
			outputPaths = (
				"${TARGET_BUILD_DIR}/${FRAMEWORKS_FOLDER_PATH}/Alamofire.framework",
				"${TARGET_BUILD_DIR}/${FRAMEWORKS_FOLDER_PATH}/Moya.framework",
				"${TARGET_BUILD_DIR}/${FRAMEWORKS_FOLDER_PATH}/Result.framework",
			);
			runOnlyForDeploymentPostprocessing = 0;
			shellPath = /bin/sh;
			shellScript = "\"${SRCROOT}/Pods/Target Support Files/Pods-SearchBookApp/Pods-SearchBookApp-frameworks.sh\"\n";
			showEnvVarsInLog = 0;
		};
/* End PBXShellScriptBuildPhase section */

/* Begin PBXSourcesBuildPhase section */
		BDA7E726207F03B700C6689F /* Sources */ = {
			isa = PBXSourcesBuildPhase;
			buildActionMask = 2147483647;
			files = (
				BDA7E730207F03B700C6689F /* ViewController.swift in Sources */,
				BDA7E76F207F5D6F00C6689F /* Language.swift in Sources */,
				BD25CD6C20844E0A00A1FAA3 /* BookListTableViewCell.swift in Sources */,
				BD804425208045550088471A /* CustomButton.swift in Sources */,
				BDA7E763207F44D300C6689F /* EntryViewController.swift in Sources */,
				BD25CD74208483AA00A1FAA3 /* BookListAPI.swift in Sources */,
				BDF4A5E32080AE04004401C4 /* Config.swift in Sources */,
				BD80442820805CFA0088471A /* BookListTableViewController.swift in Sources */,
				BDA7E75D207F0C3E00C6689F /* LandingViewController.swift in Sources */,
				BDF4A5D32080ACBF004401C4 /* Configurable.swift in Sources */,
				BDA7E72E207F03B700C6689F /* AppDelegate.swift in Sources */,
				BD80442C2080610C0088471A /* DetialViewController.swift in Sources */,
			);
			runOnlyForDeploymentPostprocessing = 0;
		};
		BDA7E73A207F03B900C6689F /* Sources */ = {
			isa = PBXSourcesBuildPhase;
			buildActionMask = 2147483647;
			files = (
				BDA7E743207F03B900C6689F /* SearchBookAppTests.swift in Sources */,
			);
			runOnlyForDeploymentPostprocessing = 0;
		};
		BDA7E745207F03B900C6689F /* Sources */ = {
			isa = PBXSourcesBuildPhase;
			buildActionMask = 2147483647;
			files = (
				BDA7E74E207F03B900C6689F /* SearchBookAppUITests.swift in Sources */,
			);
			runOnlyForDeploymentPostprocessing = 0;
		};
		BDF4A59E2080A60F004401C4 /* Sources */ = {
			isa = PBXSourcesBuildPhase;
			buildActionMask = 2147483647;
			files = (
				BDF4A59F2080A60F004401C4 /* ViewController.swift in Sources */,
				BDF4A5A02080A60F004401C4 /* Language.swift in Sources */,
				BD25CD6E20845AC600A1FAA3 /* BookListTableViewCell.swift in Sources */,
				BDF4A5A12080A60F004401C4 /* CustomButton.swift in Sources */,
				BDF4A5A22080A60F004401C4 /* EntryViewController.swift in Sources */,
				BD25CD75208483AA00A1FAA3 /* BookListAPI.swift in Sources */,
				BDF4A5E02080ADFE004401C4 /* Config.swift in Sources */,
				BDF4A5A32080A60F004401C4 /* BookListTableViewController.swift in Sources */,
				BDF4A5A42080A60F004401C4 /* LandingViewController.swift in Sources */,
				BDF4A5D42080ACBF004401C4 /* Configurable.swift in Sources */,
				BDF4A5A52080A60F004401C4 /* AppDelegate.swift in Sources */,
				BDF4A5A62080A60F004401C4 /* DetialViewController.swift in Sources */,
			);
			runOnlyForDeploymentPostprocessing = 0;
		};
		BDF4A5B92080A8DE004401C4 /* Sources */ = {
			isa = PBXSourcesBuildPhase;
			buildActionMask = 2147483647;
			files = (
				BDF4A5BA2080A8DE004401C4 /* ViewController.swift in Sources */,
				BDF4A5BB2080A8DE004401C4 /* Language.swift in Sources */,
				BD25CD6F20845AC700A1FAA3 /* BookListTableViewCell.swift in Sources */,
				BDF4A5BC2080A8DE004401C4 /* CustomButton.swift in Sources */,
				BDF4A5BD2080A8DE004401C4 /* EntryViewController.swift in Sources */,
				BD25CD76208483AA00A1FAA3 /* BookListAPI.swift in Sources */,
				BDF4A5BE2080A8DE004401C4 /* BookListTableViewController.swift in Sources */,
				BDF4A5BF2080A8DE004401C4 /* LandingViewController.swift in Sources */,
				BDF4A5D52080ACBF004401C4 /* Configurable.swift in Sources */,
				BDF4A5DD2080ADCD004401C4 /* Config.swift in Sources */,
				BDF4A5C02080A8DE004401C4 /* AppDelegate.swift in Sources */,
				BDF4A5C12080A8DE004401C4 /* DetialViewController.swift in Sources */,
			);
			runOnlyForDeploymentPostprocessing = 0;
		};
/* End PBXSourcesBuildPhase section */

/* Begin PBXTargetDependency section */
		BDA7E740207F03B900C6689F /* PBXTargetDependency */ = {
			isa = PBXTargetDependency;
			target = BDA7E729207F03B700C6689F /* SearchBookApp */;
			targetProxy = BDA7E73F207F03B900C6689F /* PBXContainerItemProxy */;
		};
		BDA7E74B207F03B900C6689F /* PBXTargetDependency */ = {
			isa = PBXTargetDependency;
			target = BDA7E729207F03B700C6689F /* SearchBookApp */;
			targetProxy = BDA7E74A207F03B900C6689F /* PBXContainerItemProxy */;
		};
/* End PBXTargetDependency section */

/* Begin PBXVariantGroup section */
		BDA7E736207F03B900C6689F /* LaunchScreen.storyboard */ = {
			isa = PBXVariantGroup;
			children = (
				BDA7E737207F03B900C6689F /* Base */,
				BDA7E769207F578C00C6689F /* zh-Hant */,
			);
			name = LaunchScreen.storyboard;
			sourceTree = "<group>";
		};
		BDA7E76C207F57B500C6689F /* Localizable.strings */ = {
			isa = PBXVariantGroup;
			children = (
				BDA7E76B207F57B500C6689F /* en */,
				BDA7E76D207F57B700C6689F /* zh-Hant */,
			);
			name = Localizable.strings;
			sourceTree = "<group>";
		};
/* End PBXVariantGroup section */

/* Begin XCBuildConfiguration section */
		BDA7E750207F03B900C6689F /* Debug */ = {
			isa = XCBuildConfiguration;
			buildSettings = {
				ALWAYS_SEARCH_USER_PATHS = NO;
				CLANG_ANALYZER_LOCALIZABILITY_NONLOCALIZED = YES;
				CLANG_ANALYZER_NONNULL = YES;
				CLANG_ANALYZER_NUMBER_OBJECT_CONVERSION = YES_AGGRESSIVE;
				CLANG_CXX_LANGUAGE_STANDARD = "gnu++14";
				CLANG_CXX_LIBRARY = "libc++";
				CLANG_ENABLE_MODULES = YES;
				CLANG_ENABLE_OBJC_ARC = YES;
				CLANG_ENABLE_OBJC_WEAK = YES;
				CLANG_WARN_BLOCK_CAPTURE_AUTORELEASING = YES;
				CLANG_WARN_BOOL_CONVERSION = YES;
				CLANG_WARN_COMMA = YES;
				CLANG_WARN_CONSTANT_CONVERSION = YES;
				CLANG_WARN_DEPRECATED_OBJC_IMPLEMENTATIONS = YES;
				CLANG_WARN_DIRECT_OBJC_ISA_USAGE = YES_ERROR;
				CLANG_WARN_DOCUMENTATION_COMMENTS = YES;
				CLANG_WARN_EMPTY_BODY = YES;
				CLANG_WARN_ENUM_CONVERSION = YES;
				CLANG_WARN_INFINITE_RECURSION = YES;
				CLANG_WARN_INT_CONVERSION = YES;
				CLANG_WARN_NON_LITERAL_NULL_CONVERSION = YES;
				CLANG_WARN_OBJC_IMPLICIT_RETAIN_SELF = YES;
				CLANG_WARN_OBJC_LITERAL_CONVERSION = YES;
				CLANG_WARN_OBJC_ROOT_CLASS = YES_ERROR;
				CLANG_WARN_RANGE_LOOP_ANALYSIS = YES;
				CLANG_WARN_STRICT_PROTOTYPES = YES;
				CLANG_WARN_SUSPICIOUS_MOVE = YES;
				CLANG_WARN_UNGUARDED_AVAILABILITY = YES_AGGRESSIVE;
				CLANG_WARN_UNREACHABLE_CODE = YES;
				CLANG_WARN__DUPLICATE_METHOD_MATCH = YES;
				CODE_SIGN_IDENTITY = "iPhone Developer";
				COPY_PHASE_STRIP = NO;
				DEBUG_INFORMATION_FORMAT = dwarf;
				DOMAIN_URL = "";
				ENABLE_STRICT_OBJC_MSGSEND = YES;
				ENABLE_TESTABILITY = YES;
				GCC_C_LANGUAGE_STANDARD = gnu11;
				GCC_DYNAMIC_NO_PIC = NO;
				GCC_NO_COMMON_BLOCKS = YES;
				GCC_OPTIMIZATION_LEVEL = 0;
				GCC_PREPROCESSOR_DEFINITIONS = (
					"DEBUG=1",
					"$(inherited)",
				);
				GCC_WARN_64_TO_32_BIT_CONVERSION = YES;
				GCC_WARN_ABOUT_RETURN_TYPE = YES_ERROR;
				GCC_WARN_UNDECLARED_SELECTOR = YES;
				GCC_WARN_UNINITIALIZED_AUTOS = YES_AGGRESSIVE;
				GCC_WARN_UNUSED_FUNCTION = YES;
				GCC_WARN_UNUSED_VARIABLE = YES;
				IPHONEOS_DEPLOYMENT_TARGET = 11.3;
				MTL_ENABLE_DEBUG_INFO = YES;
				ONLY_ACTIVE_ARCH = YES;
				SDKROOT = iphoneos;
				SWIFT_ACTIVE_COMPILATION_CONDITIONS = DEBUG;
				SWIFT_OPTIMIZATION_LEVEL = "-Onone";
			};
			name = Debug;
		};
		BDA7E751207F03B900C6689F /* Release */ = {
			isa = XCBuildConfiguration;
			buildSettings = {
				ALWAYS_SEARCH_USER_PATHS = NO;
				CLANG_ANALYZER_LOCALIZABILITY_NONLOCALIZED = YES;
				CLANG_ANALYZER_NONNULL = YES;
				CLANG_ANALYZER_NUMBER_OBJECT_CONVERSION = YES_AGGRESSIVE;
				CLANG_CXX_LANGUAGE_STANDARD = "gnu++14";
				CLANG_CXX_LIBRARY = "libc++";
				CLANG_ENABLE_MODULES = YES;
				CLANG_ENABLE_OBJC_ARC = YES;
				CLANG_ENABLE_OBJC_WEAK = YES;
				CLANG_WARN_BLOCK_CAPTURE_AUTORELEASING = YES;
				CLANG_WARN_BOOL_CONVERSION = YES;
				CLANG_WARN_COMMA = YES;
				CLANG_WARN_CONSTANT_CONVERSION = YES;
				CLANG_WARN_DEPRECATED_OBJC_IMPLEMENTATIONS = YES;
				CLANG_WARN_DIRECT_OBJC_ISA_USAGE = YES_ERROR;
				CLANG_WARN_DOCUMENTATION_COMMENTS = YES;
				CLANG_WARN_EMPTY_BODY = YES;
				CLANG_WARN_ENUM_CONVERSION = YES;
				CLANG_WARN_INFINITE_RECURSION = YES;
				CLANG_WARN_INT_CONVERSION = YES;
				CLANG_WARN_NON_LITERAL_NULL_CONVERSION = YES;
				CLANG_WARN_OBJC_IMPLICIT_RETAIN_SELF = YES;
				CLANG_WARN_OBJC_LITERAL_CONVERSION = YES;
				CLANG_WARN_OBJC_ROOT_CLASS = YES_ERROR;
				CLANG_WARN_RANGE_LOOP_ANALYSIS = YES;
				CLANG_WARN_STRICT_PROTOTYPES = YES;
				CLANG_WARN_SUSPICIOUS_MOVE = YES;
				CLANG_WARN_UNGUARDED_AVAILABILITY = YES_AGGRESSIVE;
				CLANG_WARN_UNREACHABLE_CODE = YES;
				CLANG_WARN__DUPLICATE_METHOD_MATCH = YES;
				CODE_SIGN_IDENTITY = "iPhone Developer";
				COPY_PHASE_STRIP = NO;
				DEBUG_INFORMATION_FORMAT = "dwarf-with-dsym";
				DOMAIN_URL = "";
				ENABLE_NS_ASSERTIONS = NO;
				ENABLE_STRICT_OBJC_MSGSEND = YES;
				GCC_C_LANGUAGE_STANDARD = gnu11;
				GCC_NO_COMMON_BLOCKS = YES;
				GCC_WARN_64_TO_32_BIT_CONVERSION = YES;
				GCC_WARN_ABOUT_RETURN_TYPE = YES_ERROR;
				GCC_WARN_UNDECLARED_SELECTOR = YES;
				GCC_WARN_UNINITIALIZED_AUTOS = YES_AGGRESSIVE;
				GCC_WARN_UNUSED_FUNCTION = YES;
				GCC_WARN_UNUSED_VARIABLE = YES;
				IPHONEOS_DEPLOYMENT_TARGET = 11.3;
				MTL_ENABLE_DEBUG_INFO = NO;
				SDKROOT = iphoneos;
				SWIFT_COMPILATION_MODE = wholemodule;
				SWIFT_OPTIMIZATION_LEVEL = "-O";
				VALIDATE_PRODUCT = YES;
			};
			name = Release;
		};
		BDA7E753207F03B900C6689F /* Debug */ = {
			isa = XCBuildConfiguration;
			baseConfigurationReference = 0A6E98DC5B2725AFB2E5A987 /* Pods-SearchBookApp.debug.xcconfig */;
			buildSettings = {
				ASSETCATALOG_COMPILER_APPICON_NAME = AppIcon;
				CODE_SIGN_STYLE = Automatic;
				DOMAIN_URL = prod;
				INFOPLIST_FILE = SearchBookApp/Info.plist;
				LD_RUNPATH_SEARCH_PATHS = (
					"$(inherited)",
					"@executable_path/Frameworks",
				);
				PRODUCT_BUNDLE_IDENTIFIER = com.accenture.SearchBookApp;
				PRODUCT_NAME = "$(TARGET_NAME)";
				SWIFT_VERSION = 4.0;
				TARGETED_DEVICE_FAMILY = "1,2";
			};
			name = Debug;
		};
		BDA7E754207F03B900C6689F /* Release */ = {
			isa = XCBuildConfiguration;
			baseConfigurationReference = BEBA1730FAE16CE2163E5521 /* Pods-SearchBookApp.release.xcconfig */;
			buildSettings = {
				ASSETCATALOG_COMPILER_APPICON_NAME = AppIcon;
				CODE_SIGN_STYLE = Automatic;
				DOMAIN_URL = prod;
				INFOPLIST_FILE = SearchBookApp/Info.plist;
				LD_RUNPATH_SEARCH_PATHS = (
					"$(inherited)",
					"@executable_path/Frameworks",
				);
				PRODUCT_BUNDLE_IDENTIFIER = com.accenture.SearchBookApp;
				PRODUCT_NAME = "$(TARGET_NAME)";
				SWIFT_VERSION = 4.0;
				TARGETED_DEVICE_FAMILY = "1,2";
			};
			name = Release;
		};
		BDA7E756207F03B900C6689F /* Debug */ = {
			isa = XCBuildConfiguration;
			baseConfigurationReference = 2CB2AA856E9CFF39F2FB5A62 /* Pods-SearchBookAppTests.debug.xcconfig */;
			buildSettings = {
				ALWAYS_EMBED_SWIFT_STANDARD_LIBRARIES = YES;
				BUNDLE_LOADER = "$(TEST_HOST)";
				CODE_SIGN_STYLE = Automatic;
				INFOPLIST_FILE = SearchBookAppTests/Info.plist;
				LD_RUNPATH_SEARCH_PATHS = (
					"$(inherited)",
					"@executable_path/Frameworks",
					"@loader_path/Frameworks",
				);
				PRODUCT_BUNDLE_IDENTIFIER = com.accenture.SearchBookAppTests;
				PRODUCT_NAME = "$(TARGET_NAME)";
				SWIFT_VERSION = 4.0;
				TARGETED_DEVICE_FAMILY = "1,2";
				TEST_HOST = "$(BUILT_PRODUCTS_DIR)/SearchBookApp.app/SearchBookApp";
			};
			name = Debug;
		};
		BDA7E757207F03B900C6689F /* Release */ = {
			isa = XCBuildConfiguration;
			baseConfigurationReference = 491A52799C7B5628C9B27699 /* Pods-SearchBookAppTests.release.xcconfig */;
			buildSettings = {
				ALWAYS_EMBED_SWIFT_STANDARD_LIBRARIES = YES;
				BUNDLE_LOADER = "$(TEST_HOST)";
				CODE_SIGN_STYLE = Automatic;
				INFOPLIST_FILE = SearchBookAppTests/Info.plist;
				LD_RUNPATH_SEARCH_PATHS = (
					"$(inherited)",
					"@executable_path/Frameworks",
					"@loader_path/Frameworks",
				);
				PRODUCT_BUNDLE_IDENTIFIER = com.accenture.SearchBookAppTests;
				PRODUCT_NAME = "$(TARGET_NAME)";
				SWIFT_VERSION = 4.0;
				TARGETED_DEVICE_FAMILY = "1,2";
				TEST_HOST = "$(BUILT_PRODUCTS_DIR)/SearchBookApp.app/SearchBookApp";
			};
			name = Release;
		};
		BDA7E759207F03B900C6689F /* Debug */ = {
			isa = XCBuildConfiguration;
			baseConfigurationReference = 89062955143FF7EADEF1BA23 /* Pods-SearchBookAppUITests.debug.xcconfig */;
			buildSettings = {
				ALWAYS_EMBED_SWIFT_STANDARD_LIBRARIES = YES;
				CODE_SIGN_STYLE = Automatic;
				INFOPLIST_FILE = SearchBookAppUITests/Info.plist;
				LD_RUNPATH_SEARCH_PATHS = (
					"$(inherited)",
					"@executable_path/Frameworks",
					"@loader_path/Frameworks",
				);
				PRODUCT_BUNDLE_IDENTIFIER = com.accenture.SearchBookAppUITests;
				PRODUCT_NAME = "$(TARGET_NAME)";
				SWIFT_VERSION = 4.0;
				TARGETED_DEVICE_FAMILY = "1,2";
				TEST_TARGET_NAME = SearchBookApp;
			};
			name = Debug;
		};
		BDA7E75A207F03B900C6689F /* Release */ = {
			isa = XCBuildConfiguration;
			baseConfigurationReference = 75DA3131FDCDB666C1F81D39 /* Pods-SearchBookAppUITests.release.xcconfig */;
			buildSettings = {
				ALWAYS_EMBED_SWIFT_STANDARD_LIBRARIES = YES;
				CODE_SIGN_STYLE = Automatic;
				INFOPLIST_FILE = SearchBookAppUITests/Info.plist;
				LD_RUNPATH_SEARCH_PATHS = (
					"$(inherited)",
					"@executable_path/Frameworks",
					"@loader_path/Frameworks",
				);
				PRODUCT_BUNDLE_IDENTIFIER = com.accenture.SearchBookAppUITests;
				PRODUCT_NAME = "$(TARGET_NAME)";
				SWIFT_VERSION = 4.0;
				TARGETED_DEVICE_FAMILY = "1,2";
				TEST_TARGET_NAME = SearchBookApp;
			};
			name = Release;
		};
		BDF4A5B32080A60F004401C4 /* Debug */ = {
			isa = XCBuildConfiguration;
			baseConfigurationReference = 0A6E98DC5B2725AFB2E5A987 /* Pods-SearchBookApp.debug.xcconfig */;
			buildSettings = {
				ASSETCATALOG_COMPILER_APPICON_NAME = AppIcon;
				CODE_SIGN_STYLE = Automatic;
				DOMAIN_URL = uat;
				INFOPLIST_FILE = SearchBookApp/Info.plist;
				LD_RUNPATH_SEARCH_PATHS = (
					"$(inherited)",
					"@executable_path/Frameworks",
				);
				OTHER_SWIFT_FLAGS = "\"-D\" \"UAT\"";
				PRODUCT_BUNDLE_IDENTIFIER = com.accenture.SearchBookApp;
				PRODUCT_NAME = "$(TARGET_NAME)";
				SWIFT_VERSION = 4.0;
				TARGETED_DEVICE_FAMILY = "1,2";
			};
			name = Debug;
		};
		BDF4A5B42080A60F004401C4 /* Release */ = {
			isa = XCBuildConfiguration;
			baseConfigurationReference = BEBA1730FAE16CE2163E5521 /* Pods-SearchBookApp.release.xcconfig */;
			buildSettings = {
				ASSETCATALOG_COMPILER_APPICON_NAME = AppIcon;
				CODE_SIGN_STYLE = Automatic;
				DOMAIN_URL = uat;
				INFOPLIST_FILE = SearchBookApp/Info.plist;
				LD_RUNPATH_SEARCH_PATHS = (
					"$(inherited)",
					"@executable_path/Frameworks",
				);
				OTHER_SWIFT_FLAGS = "\"-D\" \"UAT\"";
				PRODUCT_BUNDLE_IDENTIFIER = com.accenture.SearchBookApp;
				PRODUCT_NAME = "$(TARGET_NAME)";
				SWIFT_VERSION = 4.0;
				TARGETED_DEVICE_FAMILY = "1,2";
			};
			name = Release;
		};
		BDF4A5CE2080A8DE004401C4 /* Debug */ = {
			isa = XCBuildConfiguration;
			baseConfigurationReference = 0A6E98DC5B2725AFB2E5A987 /* Pods-SearchBookApp.debug.xcconfig */;
			buildSettings = {
				ASSETCATALOG_COMPILER_APPICON_NAME = AppIcon;
				CODE_SIGN_STYLE = Automatic;
				DOMAIN_URL = dev;
				INFOPLIST_FILE = SearchBookApp/Info.plist;
				LD_RUNPATH_SEARCH_PATHS = (
					"$(inherited)",
					"@executable_path/Frameworks",
				);
				PRODUCT_BUNDLE_IDENTIFIER = com.accenture.SearchBookApp;
				PRODUCT_NAME = "$(TARGET_NAME)";
				SWIFT_VERSION = 4.0;
				TARGETED_DEVICE_FAMILY = "1,2";
			};
			name = Debug;
		};
		BDF4A5CF2080A8DE004401C4 /* Release */ = {
			isa = XCBuildConfiguration;
			baseConfigurationReference = BEBA1730FAE16CE2163E5521 /* Pods-SearchBookApp.release.xcconfig */;
			buildSettings = {
				ASSETCATALOG_COMPILER_APPICON_NAME = AppIcon;
				CODE_SIGN_STYLE = Automatic;
				DOMAIN_URL = dev;
				INFOPLIST_FILE = SearchBookApp/Info.plist;
				LD_RUNPATH_SEARCH_PATHS = (
					"$(inherited)",
					"@executable_path/Frameworks",
				);
				PRODUCT_BUNDLE_IDENTIFIER = com.accenture.SearchBookApp;
				PRODUCT_NAME = "$(TARGET_NAME)";
				SWIFT_VERSION = 4.0;
				TARGETED_DEVICE_FAMILY = "1,2";
			};
			name = Release;
		};
/* End XCBuildConfiguration section */

/* Begin XCConfigurationList section */
		BDA7E725207F03B700C6689F /* Build configuration list for PBXProject "SearchBookApp" */ = {
			isa = XCConfigurationList;
			buildConfigurations = (
				BDA7E750207F03B900C6689F /* Debug */,
				BDA7E751207F03B900C6689F /* Release */,
			);
			defaultConfigurationIsVisible = 0;
			defaultConfigurationName = Release;
		};
		BDA7E752207F03B900C6689F /* Build configuration list for PBXNativeTarget "SearchBookApp" */ = {
			isa = XCConfigurationList;
			buildConfigurations = (
				BDA7E753207F03B900C6689F /* Debug */,
				BDA7E754207F03B900C6689F /* Release */,
			);
			defaultConfigurationIsVisible = 0;
			defaultConfigurationName = Release;
		};
		BDA7E755207F03B900C6689F /* Build configuration list for PBXNativeTarget "SearchBookAppTests" */ = {
			isa = XCConfigurationList;
			buildConfigurations = (
				BDA7E756207F03B900C6689F /* Debug */,
				BDA7E757207F03B900C6689F /* Release */,
			);
			defaultConfigurationIsVisible = 0;
			defaultConfigurationName = Release;
		};
		BDA7E758207F03B900C6689F /* Build configuration list for PBXNativeTarget "SearchBookAppUITests" */ = {
			isa = XCConfigurationList;
			buildConfigurations = (
				BDA7E759207F03B900C6689F /* Debug */,
				BDA7E75A207F03B900C6689F /* Release */,
			);
			defaultConfigurationIsVisible = 0;
			defaultConfigurationName = Release;
		};
		BDF4A5B22080A60F004401C4 /* Build configuration list for PBXNativeTarget "SearchBookAppUat" */ = {
			isa = XCConfigurationList;
			buildConfigurations = (
				BDF4A5B32080A60F004401C4 /* Debug */,
				BDF4A5B42080A60F004401C4 /* Release */,
			);
			defaultConfigurationIsVisible = 0;
			defaultConfigurationName = Release;
		};
		BDF4A5CD2080A8DE004401C4 /* Build configuration list for PBXNativeTarget "SearchBookAppDev" */ = {
			isa = XCConfigurationList;
			buildConfigurations = (
				BDF4A5CE2080A8DE004401C4 /* Debug */,
				BDF4A5CF2080A8DE004401C4 /* Release */,
			);
			defaultConfigurationIsVisible = 0;
			defaultConfigurationName = Release;
		};
/* End XCConfigurationList section */
	};
	rootObject = BDA7E722207F03B700C6689F /* Project object */;
}
